# @generated - this file is auto-generated by `mise lock` https://mise.jdx.dev/dev-tools/mise-lock.html

lockfile_version = 2

[conda-packages.linux-arm64."_openmp_mutex-4.5-20_gnu"]
url = "https://conda.anaconda.org/conda-forge/linux-aarch64/_openmp_mutex-4.5-20_gnu.conda"
checksum = "sha256:a2527b1d81792a0ccd2c05850960df119c2b6d8f5fdec97f2db7d25dc23b1068"

[conda-packages.linux-arm64."libgcc-16.2.0-h205dda4_7"]
url = "https://conda.anaconda.org/conda-forge/linux-aarch64/libgcc-16.2.0-h205dda4_7.conda"
checksum = "sha256:eae7a3449d5a3b5351c5427137c076cc3fc826645c7bfc42dc10772b783826f1"

[conda-packages.linux-arm64."libgomp-16.2.0-h8acb6b2_7"]
url = "https://conda.anaconda.org/conda-forge/linux-aarch64/libgomp-16.2.0-h8acb6b2_7.conda"
checksum = "sha256:4406fd67c5beeb99b9372f9bf07aa3e40ca141e337eceebac3ff64aa72799494"

[conda-packages.linux-arm64."libstdcxx-16.2.0-hef695bb_7"]
url = "https://conda.anaconda.org/conda-forge/linux-aarch64/libstdcxx-16.2.0-hef695bb_7.conda"
checksum = "sha256:b241a3acfa9cdb1359112864a1241225533c92642de3000d52ae65ef5d3a9786"

[conda-packages.linux-arm64-musl."_openmp_mutex-4.5-20_gnu"]
url = "https://conda.anaconda.org/conda-forge/linux-aarch64/_openmp_mutex-4.5-20_gnu.conda"
checksum = "sha256:a2527b1d81792a0ccd2c05850960df119c2b6d8f5fdec97f2db7d25dc23b1068"

[conda-packages.linux-arm64-musl."libgcc-16.2.0-h205dda4_7"]
url = "https://conda.anaconda.org/conda-forge/linux-aarch64/libgcc-16.2.0-h205dda4_7.conda"
checksum = "sha256:eae7a3449d5a3b5351c5427137c076cc3fc826645c7bfc42dc10772b783826f1"

[conda-packages.linux-arm64-musl."libgomp-16.2.0-h8acb6b2_7"]
url = "https://conda.anaconda.org/conda-forge/linux-aarch64/libgomp-16.2.0-h8acb6b2_7.conda"
checksum = "sha256:4406fd67c5beeb99b9372f9bf07aa3e40ca141e337eceebac3ff64aa72799494"

[conda-packages.linux-arm64-musl."libstdcxx-16.2.0-hef695bb_7"]
url = "https://conda.anaconda.org/conda-forge/linux-aarch64/libstdcxx-16.2.0-hef695bb_7.conda"
checksum = "sha256:b241a3acfa9cdb1359112864a1241225533c92642de3000d52ae65ef5d3a9786"

[conda-packages.linux-x64."_openmp_mutex-4.5-20_gnu"]
url = "https://conda.anaconda.org/conda-forge/linux-64/_openmp_mutex-4.5-20_gnu.conda"
checksum = "sha256:1dd3fffd892081df9726d7eb7e0dea6198962ba775bd88842135a4ddb4deb3c9"

[conda-packages.linux-x64."libgcc-16.2.0-ha9f2e26_7"]
url = "https://conda.anaconda.org/conda-forge/linux-64/libgcc-16.2.0-ha9f2e26_7.conda"
checksum = "sha256:e031634c3a928f9594eba868bc46ef5230d6571a364a0c63215b06c4563bfcea"

[conda-packages.linux-x64."libgomp-16.2.0-he0feb66_7"]
url = "https://conda.anaconda.org/conda-forge/linux-64/libgomp-16.2.0-he0feb66_7.conda"
checksum = "sha256:92a0bb350c7be6a4eedcb4e111c60aefd176018e6b1c009a6e025dbe9bbcd758"

[conda-packages.linux-x64."libstdcxx-16.2.0-h934c35e_7"]
url = "https://conda.anaconda.org/conda-forge/linux-64/libstdcxx-16.2.0-h934c35e_7.conda"
checksum = "sha256:fa7018298629fc429971fffd6ecba3d27a7b02e4e890d6a93ea01ffebe8cb745"

[conda-packages.linux-x64-musl."_openmp_mutex-4.5-20_gnu"]
url = "https://conda.anaconda.org/conda-forge/linux-64/_openmp_mutex-4.5-20_gnu.conda"
checksum = "sha256:1dd3fffd892081df9726d7eb7e0dea6198962ba775bd88842135a4ddb4deb3c9"

[conda-packages.linux-x64-musl."libgcc-16.2.0-ha9f2e26_7"]
url = "https://conda.anaconda.org/conda-forge/linux-64/libgcc-16.2.0-ha9f2e26_7.conda"
checksum = "sha256:e031634c3a928f9594eba868bc46ef5230d6571a364a0c63215b06c4563bfcea"

[conda-packages.linux-x64-musl."libgomp-16.2.0-he0feb66_7"]
url = "https://conda.anaconda.org/conda-forge/linux-64/libgomp-16.2.0-he0feb66_7.conda"
checksum = "sha256:92a0bb350c7be6a4eedcb4e111c60aefd176018e6b1c009a6e025dbe9bbcd758"

[conda-packages.linux-x64-musl."libstdcxx-16.2.0-h934c35e_7"]
url = "https://conda.anaconda.org/conda-forge/linux-64/libstdcxx-16.2.0-h934c35e_7.conda"
checksum = "sha256:fa7018298629fc429971fffd6ecba3d27a7b02e4e890d6a93ea01ffebe8cb745"

[conda-packages.macos-arm64."libcxx-23.1.2-h55c6f16_0"]
url = "https://conda.anaconda.org/conda-forge/osx-arm64/libcxx-23.1.2-h55c6f16_0.conda"
checksum = "sha256:087a610bacee7901d259ef72c6f060d795ab26831bd7541ba75ced786a5a63f9"

[conda-packages.macos-x64."libcxx-23.1.2-h19cb2f5_0"]
url = "https://conda.anaconda.org/conda-forge/osx-64/libcxx-23.1.2-h19cb2f5_0.conda"
checksum = "sha256:0ad8c788c3681674f100820cf5e76fcc8ec88502e7aa64f4776581985009a7be"

[conda-packages.windows-x64."ucrt-10.0.26100.0-h57928b3_0"]
url = "https://conda.anaconda.org/conda-forge/win-64/ucrt-10.0.26100.0-h57928b3_0.conda"
checksum = "sha256:3005729dce6f3d3f5ec91dfc49fc75a0095f9cd23bab49efb899657297ac91a5"

[conda-packages.windows-x64."vc-14.5-ha367084_41"]
url = "https://conda.anaconda.org/conda-forge/win-64/vc-14.5-ha367084_41.conda"
checksum = "sha256:35444c55a92e2f7f7ba26bc70f81e56e52344f7d064c0fd4b40a46a58517b79c"

[conda-packages.windows-x64."vc14_runtime-14.51.36247-habf1de7_41"]
url = "https://conda.anaconda.org/conda-forge/win-64/vc14_runtime-14.51.36247-habf1de7_41.conda"
checksum = "sha256:4e4cb599cdc41bf2109d1464c127b5bcbddf548ce3e322e612afb691338b48f8"

[conda-packages.windows-x64."vcomp14-14.51.36247-habf1de7_41"]
url = "https://conda.anaconda.org/conda-forge/win-64/vcomp14-14.51.36247-habf1de7_41.conda"
checksum = "sha256:731e043390c9457299484d39e427221fc868a9249540a498a5a4f6456c7744d1"

[[tools."conda:uncrustify"]]
version = "0.83.0"
backend = "conda:uncrustify"
specifiers = ["latest"]

[tools."conda:uncrustify".options]
channel = "conda-forge"

[tools."conda:uncrustify"."platforms.linux-arm64"]
checksum = "sha256:e2b3719965204cc8c0fecaa685c96b527da168f97eb13a7e36fc7d8a6876c2b0"
url = "https://conda.anaconda.org/conda-forge/linux-aarch64/uncrustify-0.83.0-h7ac5ae9_0.conda"
conda_deps = [
    "libgcc-16.2.0-h205dda4_7",
    "libstdcxx-16.2.0-hef695bb_7",
    "_openmp_mutex-4.5-20_gnu",
    "libgomp-16.2.0-h8acb6b2_7",
]

[tools."conda:uncrustify"."platforms.linux-arm64-musl"]
checksum = "sha256:e2b3719965204cc8c0fecaa685c96b527da168f97eb13a7e36fc7d8a6876c2b0"
url = "https://conda.anaconda.org/conda-forge/linux-aarch64/uncrustify-0.83.0-h7ac5ae9_0.conda"
conda_deps = [
    "libgcc-16.2.0-h205dda4_7",
    "libstdcxx-16.2.0-hef695bb_7",
    "_openmp_mutex-4.5-20_gnu",
    "libgomp-16.2.0-h8acb6b2_7",
]

[tools."conda:uncrustify"."platforms.linux-x64"]
checksum = "sha256:556ea427c375c2b9eb3122b19a1ce0891d535ad51a196f25c73786bb1d7c5156"
url = "https://conda.anaconda.org/conda-forge/linux-64/uncrustify-0.83.0-h54a6638_0.conda"
conda_deps = [
    "libgcc-16.2.0-ha9f2e26_7",
    "libstdcxx-16.2.0-h934c35e_7",
    "_openmp_mutex-4.5-20_gnu",
    "libgomp-16.2.0-he0feb66_7",
]

[tools."conda:uncrustify"."platforms.linux-x64-musl"]
checksum = "sha256:556ea427c375c2b9eb3122b19a1ce0891d535ad51a196f25c73786bb1d7c5156"
url = "https://conda.anaconda.org/conda-forge/linux-64/uncrustify-0.83.0-h54a6638_0.conda"
conda_deps = [
    "libgcc-16.2.0-ha9f2e26_7",
    "libstdcxx-16.2.0-h934c35e_7",
    "_openmp_mutex-4.5-20_gnu",
    "libgomp-16.2.0-he0feb66_7",
]

[tools."conda:uncrustify"."platforms.macos-arm64"]
checksum = "sha256:facdca6b4a5708e6e2eb23218e703557a81bb9c65e3eb52449690bd8253f8d20"
url = "https://conda.anaconda.org/conda-forge/osx-arm64/uncrustify-0.83.0-h784d473_0.conda"
conda_deps = ["libcxx-23.1.2-h55c6f16_0"]

[tools."conda:uncrustify"."platforms.macos-x64"]
checksum = "sha256:6591ad386b4f80c1da1f206e6ee239b72c959e0d2753c69286c2a34143118411"
url = "https://conda.anaconda.org/conda-forge/osx-64/uncrustify-0.83.0-h2fb4741_0.conda"
conda_deps = ["libcxx-23.1.2-h19cb2f5_0"]

[tools."conda:uncrustify"."platforms.windows-x64"]
checksum = "sha256:0b6a79198507fe18b7fb822dbe5c9c5efdc4e5d7d8ae4ad70361c5e6efbe0c8b"
url = "https://conda.anaconda.org/conda-forge/win-64/uncrustify-0.83.0-h5112557_0.conda"
conda_deps = [
    "vc-14.5-ha367084_41",
    "vc14_runtime-14.51.36247-habf1de7_41",
    "vcomp14-14.51.36247-habf1de7_41",
    "ucrt-10.0.26100.0-h57928b3_0",
]

[[tools.gh]]
version = "2.101.0"
backend = "aqua:cli/cli"
specifiers = ["latest"]

[tools.gh."platforms.linux-arm64"]
checksum = "sha256:b57e8063f18862647c9d22727c32e9da1b963f8bf9db648fe123a6975695640f"
url = "https://github.com/cli/cli/releases/download/v2.101.0/gh_2.101.0_linux_arm64.tar.gz"
url_api = "https://api.github.com/repos/cli/cli/releases/assets/565857147"
provenance = "github-attestations"

[tools.gh."platforms.linux-arm64-musl"]
checksum = "sha256:b57e8063f18862647c9d22727c32e9da1b963f8bf9db648fe123a6975695640f"
url = "https://github.com/cli/cli/releases/download/v2.101.0/gh_2.101.0_linux_arm64.tar.gz"
url_api = "https://api.github.com/repos/cli/cli/releases/assets/565857147"
provenance = "github-attestations"

[tools.gh."platforms.linux-x64"]
checksum = "sha256:9bca2d1c16825f109907a23307628a2f0698fbf99662b73a5cf0b020293072b8"
url = "https://github.com/cli/cli/releases/download/v2.101.0/gh_2.101.0_linux_amd64.tar.gz"
url_api = "https://api.github.com/repos/cli/cli/releases/assets/565857134"
provenance = "github-attestations"

[tools.gh."platforms.linux-x64-musl"]
checksum = "sha256:9bca2d1c16825f109907a23307628a2f0698fbf99662b73a5cf0b020293072b8"
url = "https://github.com/cli/cli/releases/download/v2.101.0/gh_2.101.0_linux_amd64.tar.gz"
url_api = "https://api.github.com/repos/cli/cli/releases/assets/565857134"
provenance = "github-attestations"

[tools.gh."platforms.macos-arm64"]
checksum = "sha256:e4303e39d8f07141c4bad4b99b01079f05029c59b27076e8fbc825c985ecdd8b"
url = "https://github.com/cli/cli/releases/download/v2.101.0/gh_2.101.0_macOS_arm64.zip"
url_api = "https://api.github.com/repos/cli/cli/releases/assets/565857200"
provenance = "github-attestations"

[tools.gh."platforms.macos-x64"]
checksum = "sha256:a6fd66c88e2f07d6e4e058173db341d07dd74d58cf8f19ae668293d2bb614ca3"
url = "https://github.com/cli/cli/releases/download/v2.101.0/gh_2.101.0_macOS_amd64.zip"
url_api = "https://api.github.com/repos/cli/cli/releases/assets/565857203"
provenance = "github-attestations"

[tools.gh."platforms.windows-x64"]
checksum = "sha256:bc6c814367b193cd8e713611d61e36013c0ef843b8f516458fe3eda039192794"
url = "https://github.com/cli/cli/releases/download/v2.101.0/gh_2.101.0_windows_amd64.zip"
url_api = "https://api.github.com/repos/cli/cli/releases/assets/565857681"
provenance = "github-attestations"

[[tools."github:AltanS/collie"]]
version = "1.13.3"
backend = "github:AltanS/collie"
specifiers = ["latest"]

[tools."github:AltanS/collie".options]
matching = "collie-"

[tools."github:AltanS/collie"."platforms.linux-arm64"]
checksum = "sha256:10498b70fd9b46e02dda3c126829df64a4ebbcd42ce034a5a96a993f7b31c231"
url = "https://github.com/AltanS/collie/releases/download/v1.13.3/collie-1.13.3-linux-arm64.tar.gz"
url_api = "https://api.github.com/repos/AltanS/collie/releases/assets/591261032"

[tools."github:AltanS/collie"."platforms.linux-arm64-musl"]
checksum = "sha256:10498b70fd9b46e02dda3c126829df64a4ebbcd42ce034a5a96a993f7b31c231"
url = "https://github.com/AltanS/collie/releases/download/v1.13.3/collie-1.13.3-linux-arm64.tar.gz"
url_api = "https://api.github.com/repos/AltanS/collie/releases/assets/591261032"

[tools."github:AltanS/collie"."platforms.linux-x64"]
checksum = "sha256:67b417336f0f98aeefcbe8ce85b13e028b77982dcb4b780f6449eeeb47baacc9"
url = "https://github.com/AltanS/collie/releases/download/v1.13.3/collie-1.13.3-linux-x64.tar.gz"
url_api = "https://api.github.com/repos/AltanS/collie/releases/assets/591261030"

[tools."github:AltanS/collie"."platforms.linux-x64-musl"]
checksum = "sha256:67b417336f0f98aeefcbe8ce85b13e028b77982dcb4b780f6449eeeb47baacc9"
url = "https://github.com/AltanS/collie/releases/download/v1.13.3/collie-1.13.3-linux-x64.tar.gz"
url_api = "https://api.github.com/repos/AltanS/collie/releases/assets/591261030"

[tools."github:AltanS/collie"."platforms.macos-arm64"]
checksum = "sha256:cf272dc08467020fc0d7584d06ef832232f482ef325eedb454f1db64f74fc122"
url = "https://github.com/AltanS/collie/releases/download/v1.13.3/collie-1.13.3-macos-arm64.tar.gz"
url_api = "https://api.github.com/repos/AltanS/collie/releases/assets/591261027"

[[tools."github:CircleCI-Public/circleci-cli"]]
version = "1.0.51515"
backend = "github:CircleCI-Public/circleci-cli"
specifiers = ["latest"]

[tools."github:CircleCI-Public/circleci-cli".options]
matching = "circleci-cli_"

[tools."github:CircleCI-Public/circleci-cli"."platforms.linux-arm64"]
checksum = "sha256:c9f023cd9801a4b7d9d07631f92b80fbd83a2f9487be311ae3b58cbbe0cf2b61"
url = "https://github.com/CircleCI-Public/circleci-cli/releases/download/v1.0.51515/circleci-cli_1.0.51515_linux_arm64.tar.gz"
url_api = "https://api.github.com/repos/CircleCI-Public/circleci-cli/releases/assets/588388375"
provenance = "github-attestations"

[tools."github:CircleCI-Public/circleci-cli"."platforms.linux-arm64-musl"]
checksum = "sha256:c9f023cd9801a4b7d9d07631f92b80fbd83a2f9487be311ae3b58cbbe0cf2b61"
url = "https://github.com/CircleCI-Public/circleci-cli/releases/download/v1.0.51515/circleci-cli_1.0.51515_linux_arm64.tar.gz"
url_api = "https://api.github.com/repos/CircleCI-Public/circleci-cli/releases/assets/588388375"
provenance = "github-attestations"

[tools."github:CircleCI-Public/circleci-cli"."platforms.linux-x64"]
checksum = "sha256:208d0e0fab4ebd1733381c0863557df2a1eed21bcb05cc55aa3efae1aac51f29"
url = "https://github.com/CircleCI-Public/circleci-cli/releases/download/v1.0.51515/circleci-cli_1.0.51515_linux_amd64.tar.gz"
url_api = "https://api.github.com/repos/CircleCI-Public/circleci-cli/releases/assets/588388341"
provenance = "github-attestations"

[tools."github:CircleCI-Public/circleci-cli"."platforms.linux-x64-musl"]
checksum = "sha256:208d0e0fab4ebd1733381c0863557df2a1eed21bcb05cc55aa3efae1aac51f29"
url = "https://github.com/CircleCI-Public/circleci-cli/releases/download/v1.0.51515/circleci-cli_1.0.51515_linux_amd64.tar.gz"
url_api = "https://api.github.com/repos/CircleCI-Public/circleci-cli/releases/assets/588388341"
provenance = "github-attestations"

[tools."github:CircleCI-Public/circleci-cli"."platforms.macos-arm64"]
checksum = "sha256:43024d0128eaa63fb5b3881e0bbe8c1062f55ac8c7970e1296ce5f0fd81b6305"
url = "https://github.com/CircleCI-Public/circleci-cli/releases/download/v1.0.51515/circleci-cli_1.0.51515_darwin_arm64.tar.gz"
url_api = "https://api.github.com/repos/CircleCI-Public/circleci-cli/releases/assets/588388340"
provenance = "github-attestations"

[tools."github:CircleCI-Public/circleci-cli"."platforms.macos-x64"]
checksum = "sha256:bbc34ac03d3bb70ed7920a8a0fbf1daafe38009aae889a731f561c16f454764b"
url = "https://github.com/CircleCI-Public/circleci-cli/releases/download/v1.0.51515/circleci-cli_1.0.51515_darwin_amd64.tar.gz"
url_api = "https://api.github.com/repos/CircleCI-Public/circleci-cli/releases/assets/588388338"
provenance = "github-attestations"

[tools."github:CircleCI-Public/circleci-cli"."platforms.windows-x64"]
checksum = "sha256:68a9291f325b780f4cf066832d2ba5b45f62c6f6b41a4969aa41eb7c4b4083ed"
url = "https://github.com/CircleCI-Public/circleci-cli/releases/download/v1.0.51515/circleci-cli_1.0.51515_windows_amd64.zip"
url_api = "https://api.github.com/repos/CircleCI-Public/circleci-cli/releases/assets/588388339"
provenance = "github-attestations"

[[tools."github:DataDog/pup"]]
version = "1.23.4"
backend = "github:DataDog/pup"
specifiers = ["latest"]

[tools."github:DataDog/pup".options]
matching = "pup_"

[tools."github:DataDog/pup"."platforms.linux-arm64"]
checksum = "sha256:0de5eed7358bbb5b639ac772058f4f042607ef572974f948d6a522dfd083f189"
url = "https://github.com/DataDog/pup/releases/download/v1.23.4/pup_1.23.4_Linux_arm64.tar.gz"
url_api = "https://api.github.com/repos/DataDog/pup/releases/assets/589412169"

[tools."github:DataDog/pup"."platforms.linux-arm64-musl"]
checksum = "sha256:0de5eed7358bbb5b639ac772058f4f042607ef572974f948d6a522dfd083f189"
url = "https://github.com/DataDog/pup/releases/download/v1.23.4/pup_1.23.4_Linux_arm64.tar.gz"
url_api = "https://api.github.com/repos/DataDog/pup/releases/assets/589412169"

[tools."github:DataDog/pup"."platforms.linux-x64"]
checksum = "sha256:62102e7b4d4ccd77c8400f5e297b4eeab5b0192c566eefd1d8421d161d82fe05"
url = "https://github.com/DataDog/pup/releases/download/v1.23.4/pup_1.23.4_Linux_x86_64.tar.gz"
url_api = "https://api.github.com/repos/DataDog/pup/releases/assets/589412179"

[tools."github:DataDog/pup"."platforms.linux-x64-musl"]
checksum = "sha256:62102e7b4d4ccd77c8400f5e297b4eeab5b0192c566eefd1d8421d161d82fe05"
url = "https://github.com/DataDog/pup/releases/download/v1.23.4/pup_1.23.4_Linux_x86_64.tar.gz"
url_api = "https://api.github.com/repos/DataDog/pup/releases/assets/589412179"

[tools."github:DataDog/pup"."platforms.macos-arm64"]
checksum = "sha256:7c890ec8a09e4bcd6d72d356e6b10de0a701b15c9d61cda8200ffd688027061b"
url = "https://github.com/DataDog/pup/releases/download/v1.23.4/pup_1.23.4_Darwin_arm64.tar.gz"
url_api = "https://api.github.com/repos/DataDog/pup/releases/assets/589412167"

[tools."github:DataDog/pup"."platforms.macos-x64"]
checksum = "sha256:fdb2b9d010cc9558d21f77b3618dfaec00b54f17f07641d337161066b28e6dc0"
url = "https://github.com/DataDog/pup/releases/download/v1.23.4/pup_1.23.4_Darwin_x86_64.tar.gz"
url_api = "https://api.github.com/repos/DataDog/pup/releases/assets/589412166"

[tools."github:DataDog/pup"."platforms.windows-x64"]
checksum = "sha256:1cca5e62339c270b3ecc7c2479b85f8bd0d1857c6302c0626080a47bfcae3884"
url = "https://github.com/DataDog/pup/releases/download/v1.23.4/pup_1.23.4_Windows_x86_64.zip"
url_api = "https://api.github.com/repos/DataDog/pup/releases/assets/589412197"

[[tools."github:DeusData/codebase-memory-mcp"]]
version = "0.11.0"
backend = "github:DeusData/codebase-memory-mcp"
specifiers = ["latest"]

[tools."github:DeusData/codebase-memory-mcp".options]
matching = "codebase-memory-mcp"

[tools."github:DeusData/codebase-memory-mcp"."platforms.linux-arm64"]
checksum = "sha256:c0e46c87cf37e35f1ac0bd9cc7e1d8b0ca4ef40034e1008805d709fa52a4e38a"
url = "https://github.com/DeusData/codebase-memory-mcp/releases/download/v0.11.0/codebase-memory-mcp-linux-arm64.tar.gz"
url_api = "https://api.github.com/repos/DeusData/codebase-memory-mcp/releases/assets/566714375"
provenance = "github-attestations"

[tools."github:DeusData/codebase-memory-mcp"."platforms.linux-arm64-musl"]
checksum = "sha256:c0e46c87cf37e35f1ac0bd9cc7e1d8b0ca4ef40034e1008805d709fa52a4e38a"
url = "https://github.com/DeusData/codebase-memory-mcp/releases/download/v0.11.0/codebase-memory-mcp-linux-arm64.tar.gz"
url_api = "https://api.github.com/repos/DeusData/codebase-memory-mcp/releases/assets/566714375"
provenance = "github-attestations"

[tools."github:DeusData/codebase-memory-mcp"."platforms.linux-x64"]
checksum = "sha256:032b33c1833919a2d1de67ff6367fa6ea46aee8689c86ef223c88fae3b6e4536"
url = "https://github.com/DeusData/codebase-memory-mcp/releases/download/v0.11.0/codebase-memory-mcp-linux-amd64.tar.gz"
url_api = "https://api.github.com/repos/DeusData/codebase-memory-mcp/releases/assets/566714382"
provenance = "github-attestations"

[tools."github:DeusData/codebase-memory-mcp"."platforms.linux-x64-musl"]
checksum = "sha256:032b33c1833919a2d1de67ff6367fa6ea46aee8689c86ef223c88fae3b6e4536"
url = "https://github.com/DeusData/codebase-memory-mcp/releases/download/v0.11.0/codebase-memory-mcp-linux-amd64.tar.gz"
url_api = "https://api.github.com/repos/DeusData/codebase-memory-mcp/releases/assets/566714382"
provenance = "github-attestations"

[tools."github:DeusData/codebase-memory-mcp"."platforms.macos-arm64"]
checksum = "sha256:4dee7f38b63740e6751d7a7ed7eb10291c1f2a3ea2415f599dc68370ca0a2d18"
url = "https://github.com/DeusData/codebase-memory-mcp/releases/download/v0.11.0/codebase-memory-mcp-darwin-arm64.tar.gz"
url_api = "https://api.github.com/repos/DeusData/codebase-memory-mcp/releases/assets/566714371"
provenance = "github-attestations"

[tools."github:DeusData/codebase-memory-mcp"."platforms.macos-x64"]
checksum = "sha256:dbf1c73bfcbde64e7dde4cd1320da7afc02e2c972ee1789ae039521411f5132e"
url = "https://github.com/DeusData/codebase-memory-mcp/releases/download/v0.11.0/codebase-memory-mcp-darwin-amd64.tar.gz"
url_api = "https://api.github.com/repos/DeusData/codebase-memory-mcp/releases/assets/566714380"
provenance = "github-attestations"

[tools."github:DeusData/codebase-memory-mcp"."platforms.windows-x64"]
checksum = "sha256:6eb6beaf261b19e419766e78baf93cbc3cf1c6338cff8fb7c0234859f96d1685"
url = "https://github.com/DeusData/codebase-memory-mcp/releases/download/v0.11.0/codebase-memory-mcp-windows-amd64.zip"
url_api = "https://api.github.com/repos/DeusData/codebase-memory-mcp/releases/assets/566714396"
provenance = "github-attestations"

[[tools."github:agent-sh/agnix"]]
version = "0.54.0"
backend = "github:agent-sh/agnix"
specifiers = ["latest"]

[tools."github:agent-sh/agnix".options]
matching = "agnix"

[tools."github:agent-sh/agnix"."platforms.linux-arm64"]
checksum = "sha256:0300848c20b9716d2e86bb59686cb48ab5e023d38f9ac319a3a760d5e2e84d4b"
url = "https://github.com/agent-sh/agnix/releases/download/v0.54.0/agnix-aarch64-unknown-linux-gnu.tar.gz"
url_api = "https://api.github.com/repos/agent-sh/agnix/releases/assets/567512164"
provenance = "github-attestations"

[tools."github:agent-sh/agnix"."platforms.linux-arm64-musl"]
checksum = "sha256:0300848c20b9716d2e86bb59686cb48ab5e023d38f9ac319a3a760d5e2e84d4b"
url = "https://github.com/agent-sh/agnix/releases/download/v0.54.0/agnix-aarch64-unknown-linux-gnu.tar.gz"
url_api = "https://api.github.com/repos/agent-sh/agnix/releases/assets/567512164"
provenance = "github-attestations"

[tools."github:agent-sh/agnix"."platforms.linux-x64"]
checksum = "sha256:12d1f7d01baa1ccdff92501758832a80d7373ef97415d50cb05e7c3a3fa92b4f"
url = "https://github.com/agent-sh/agnix/releases/download/v0.54.0/agnix-x86_64-unknown-linux-gnu.tar.gz"
url_api = "https://api.github.com/repos/agent-sh/agnix/releases/assets/567512143"
provenance = "github-attestations"

[tools."github:agent-sh/agnix"."platforms.linux-x64-musl"]
checksum = "sha256:c21d454b23da5daacd3a9a42942e442023a2fbcb19b90bc72b3cb84cee3b91d1"
url = "https://github.com/agent-sh/agnix/releases/download/v0.54.0/agnix-x86_64-unknown-linux-musl.tar.gz"
url_api = "https://api.github.com/repos/agent-sh/agnix/releases/assets/567512154"
provenance = "github-attestations"

[tools."github:agent-sh/agnix"."platforms.macos-arm64"]
checksum = "sha256:edd5cad6028e363c8dd361b4a637741ad35344857083cbc909ae56d052e80dac"
url = "https://github.com/agent-sh/agnix/releases/download/v0.54.0/agnix-aarch64-apple-darwin.tar.gz"
url_api = "https://api.github.com/repos/agent-sh/agnix/releases/assets/567512165"
provenance = "github-attestations"

[tools."github:agent-sh/agnix"."platforms.windows-x64"]
checksum = "sha256:d92e34f66a2d87db395dc3e8ed9b316597812fdb0cd5b4efc970bc27e839df16"
url = "https://github.com/agent-sh/agnix/releases/download/v0.54.0/agnix-x86_64-pc-windows-msvc.zip"
url_api = "https://api.github.com/repos/agent-sh/agnix/releases/assets/567512145"
provenance = "github-attestations"

[[tools."github:can1357/oh-my-pi"]]
version = "18.3.5"
backend = "github:can1357/oh-my-pi"
specifiers = ["latest"]

[tools."github:can1357/oh-my-pi".options]
matching_regex = "^omp-"

[tools."github:can1357/oh-my-pi"."platforms.linux-arm64"]
checksum = "sha256:54c65b46af9dec489ab0b632fa7eff9a2056a3ced4cdad3e3de25c5ac2f743ca"
url = "https://github.com/can1357/oh-my-pi/releases/download/v18.3.5/omp-linux-arm64"
url_api = "https://api.github.com/repos/can1357/oh-my-pi/releases/assets/592995510"

[tools."github:can1357/oh-my-pi"."platforms.linux-arm64-musl"]
checksum = "sha256:b3e2150278ee598584895dadd09f9a3d6dceaf65c473e6606d60de4de6e23f03"
url = "https://github.com/can1357/oh-my-pi/releases/download/v18.3.5/omp-linux-musl-arm64"
url_api = "https://api.github.com/repos/can1357/oh-my-pi/releases/assets/592995508"

[tools."github:can1357/oh-my-pi"."platforms.linux-x64"]
checksum = "sha256:2221e3806ffbabeda62b0c505a06db187c2649d00c1f7b5cf0d09187264bf6eb"
url = "https://github.com/can1357/oh-my-pi/releases/download/v18.3.5/omp-linux-x64"
url_api = "https://api.github.com/repos/can1357/oh-my-pi/releases/assets/592995500"

[tools."github:can1357/oh-my-pi"."platforms.linux-x64-musl"]
checksum = "sha256:ba4449efb830fca7cab85a65500f4f6c390d8cd07584ac6b6fd57af44320b7b9"
url = "https://github.com/can1357/oh-my-pi/releases/download/v18.3.5/omp-linux-musl-x64"
url_api = "https://api.github.com/repos/can1357/oh-my-pi/releases/assets/592995497"

[tools."github:can1357/oh-my-pi"."platforms.macos-arm64"]
checksum = "sha256:3ad34e91a474ea239674b593a5ff1544727a22f7afd3c8a8729260128a5febd1"
url = "https://github.com/can1357/oh-my-pi/releases/download/v18.3.5/omp-darwin-arm64"
url_api = "https://api.github.com/repos/can1357/oh-my-pi/releases/assets/592995503"

[tools."github:can1357/oh-my-pi"."platforms.macos-x64"]
checksum = "sha256:b0c08f1df0d887e4c256aabbec3893479687ba800906863e30f84926419c6c32"
url = "https://github.com/can1357/oh-my-pi/releases/download/v18.3.5/omp-darwin-x64"
url_api = "https://api.github.com/repos/can1357/oh-my-pi/releases/assets/592995499"

[tools."github:can1357/oh-my-pi"."platforms.windows-x64"]
checksum = "sha256:34504ca248c04efe1e74f0414ee52e0997f66edf5f17d6d35e84c3b39f0f8beb"
url = "https://github.com/can1357/oh-my-pi/releases/download/v18.3.5/omp-windows-x64.exe"
url_api = "https://api.github.com/repos/can1357/oh-my-pi/releases/assets/592995505"

[[tools."github:herdrdev/herdr"]]
version = "0.9.1"
backend = "github:herdrdev/herdr"
specifiers = ["latest"]

[tools."github:herdrdev/herdr".options]
matching = "herdr-"

[tools."github:herdrdev/herdr"."platforms.linux-arm64"]
checksum = "sha256:f4ccf4de745f2cb9a39a983e9ba3703dad50ec2a58dea83026ceab721bbd8d9e"
url = "https://github.com/herdrdev/herdr/releases/download/v0.9.1/herdr-linux-aarch64"
url_api = "https://api.github.com/repos/herdrdev/herdr/releases/assets/568559680"
provenance = "github-attestations"

[tools."github:herdrdev/herdr"."platforms.linux-arm64-musl"]
checksum = "sha256:f4ccf4de745f2cb9a39a983e9ba3703dad50ec2a58dea83026ceab721bbd8d9e"
url = "https://github.com/herdrdev/herdr/releases/download/v0.9.1/herdr-linux-aarch64"
url_api = "https://api.github.com/repos/herdrdev/herdr/releases/assets/568559680"
provenance = "github-attestations"

[tools."github:herdrdev/herdr"."platforms.linux-x64"]
checksum = "sha256:2a02fed16beb651ef006e1d43f048f652ca4dc58ad053cd2d44450563d5c54b7"
url = "https://github.com/herdrdev/herdr/releases/download/v0.9.1/herdr-linux-x86_64"
url_api = "https://api.github.com/repos/herdrdev/herdr/releases/assets/568559679"
provenance = "github-attestations"

[tools."github:herdrdev/herdr"."platforms.linux-x64-musl"]
checksum = "sha256:2a02fed16beb651ef006e1d43f048f652ca4dc58ad053cd2d44450563d5c54b7"
url = "https://github.com/herdrdev/herdr/releases/download/v0.9.1/herdr-linux-x86_64"
url_api = "https://api.github.com/repos/herdrdev/herdr/releases/assets/568559679"
provenance = "github-attestations"

[tools."github:herdrdev/herdr"."platforms.macos-arm64"]
checksum = "sha256:5fc7a7e7adfaca56fa80aa89dcb025693357268dab8285b9ce2d08a2313c89de"
url = "https://github.com/herdrdev/herdr/releases/download/v0.9.1/herdr-macos-aarch64"
url_api = "https://api.github.com/repos/herdrdev/herdr/releases/assets/568559677"
provenance = "github-attestations"

[tools."github:herdrdev/herdr"."platforms.macos-x64"]
checksum = "sha256:053be0639935fe54ab5efbdb46651054e4f6a753a5b43153c88bd6912bce1e94"
url = "https://github.com/herdrdev/herdr/releases/download/v0.9.1/herdr-macos-x86_64"
url_api = "https://api.github.com/repos/herdrdev/herdr/releases/assets/568559678"
provenance = "github-attestations"

[tools."github:herdrdev/herdr"."platforms.windows-x64"]
checksum = "sha256:04ce380cac5af27bfcf75d0951ac49b7afe4c984aee8852985806d4f71f93a6e"
url = "https://github.com/herdrdev/herdr/releases/download/v0.9.1/herdr-windows-x86_64.zip"
url_api = "https://api.github.com/repos/herdrdev/herdr/releases/assets/568559681"
provenance = "github-attestations"

[[tools."github:kunchenguid/no-mistakes"]]
version = "1.85.0"
backend = "github:kunchenguid/no-mistakes"
specifiers = ["latest"]

[tools."github:kunchenguid/no-mistakes".options]
matching = "no-mistakes"

[tools."github:kunchenguid/no-mistakes"."platforms.linux-arm64"]
checksum = "sha256:16c37d5698db9aff63c06efa48ba9c8eaf097562cc32e5417d41ff2bee32e73a"
url = "https://github.com/kunchenguid/no-mistakes/releases/download/v1.85.0/no-mistakes-v1.85.0-linux-arm64.tar.gz"
url_api = "https://api.github.com/repos/kunchenguid/no-mistakes/releases/assets/592980855"

[tools."github:kunchenguid/no-mistakes"."platforms.linux-arm64-musl"]
checksum = "sha256:16c37d5698db9aff63c06efa48ba9c8eaf097562cc32e5417d41ff2bee32e73a"
url = "https://github.com/kunchenguid/no-mistakes/releases/download/v1.85.0/no-mistakes-v1.85.0-linux-arm64.tar.gz"
url_api = "https://api.github.com/repos/kunchenguid/no-mistakes/releases/assets/592980855"

[tools."github:kunchenguid/no-mistakes"."platforms.linux-x64"]
checksum = "sha256:e145e3894db83ff3e93dec50fd132b8a04b5c44e01e5f13ea9e92699117f001f"
url = "https://github.com/kunchenguid/no-mistakes/releases/download/v1.85.0/no-mistakes-v1.85.0-linux-amd64.tar.gz"
url_api = "https://api.github.com/repos/kunchenguid/no-mistakes/releases/assets/592980788"

[tools."github:kunchenguid/no-mistakes"."platforms.linux-x64-musl"]
checksum = "sha256:e145e3894db83ff3e93dec50fd132b8a04b5c44e01e5f13ea9e92699117f001f"
url = "https://github.com/kunchenguid/no-mistakes/releases/download/v1.85.0/no-mistakes-v1.85.0-linux-amd64.tar.gz"
url_api = "https://api.github.com/repos/kunchenguid/no-mistakes/releases/assets/592980788"

[tools."github:kunchenguid/no-mistakes"."platforms.macos-arm64"]
checksum = "sha256:89c67d0033c122f69324e674f51e50bb697fe888e7ff844fe29f23eaa45bd60e"
url = "https://github.com/kunchenguid/no-mistakes/releases/download/v1.85.0/no-mistakes-v1.85.0-darwin-arm64.tar.gz"
url_api = "https://api.github.com/repos/kunchenguid/no-mistakes/releases/assets/592981054"

[tools."github:kunchenguid/no-mistakes"."platforms.macos-x64"]
checksum = "sha256:cbc68dafac41a1eaca96ff6cfe0906063a5e6cae079d990701f89c644035647c"
url = "https://github.com/kunchenguid/no-mistakes/releases/download/v1.85.0/no-mistakes-v1.85.0-darwin-amd64.tar.gz"
url_api = "https://api.github.com/repos/kunchenguid/no-mistakes/releases/assets/592981342"

[tools."github:kunchenguid/no-mistakes"."platforms.windows-x64"]
checksum = "sha256:e76faff3a0f318c5677d3432c9b0c43f61810d515550905665f68927e60da5a6"
url = "https://github.com/kunchenguid/no-mistakes/releases/download/v1.85.0/no-mistakes-v1.85.0-windows-amd64.zip"
url_api = "https://api.github.com/repos/kunchenguid/no-mistakes/releases/assets/592980843"

[[tools."github:kunchenguid/treehouse"]]
version = "3.1.0"
backend = "github:kunchenguid/treehouse"
specifiers = ["latest"]

[tools."github:kunchenguid/treehouse".options]
matching = "treehouse"

[tools."github:kunchenguid/treehouse"."platforms.linux-arm64"]
checksum = "sha256:385061511fef62a3cb4f377ac48f3dc022a54c7e1198c10477f1306454a379dc"
url = "https://github.com/kunchenguid/treehouse/releases/download/v3.1.0/treehouse-v3.1.0-linux-arm64.tar.gz"
url_api = "https://api.github.com/repos/kunchenguid/treehouse/releases/assets/590022385"

[tools."github:kunchenguid/treehouse"."platforms.linux-arm64-musl"]
checksum = "sha256:385061511fef62a3cb4f377ac48f3dc022a54c7e1198c10477f1306454a379dc"
url = "https://github.com/kunchenguid/treehouse/releases/download/v3.1.0/treehouse-v3.1.0-linux-arm64.tar.gz"
url_api = "https://api.github.com/repos/kunchenguid/treehouse/releases/assets/590022385"

[tools."github:kunchenguid/treehouse"."platforms.linux-x64"]
checksum = "sha256:d783b1fdc1e0d2669c0042634850d795e1d12220e586782d82858e70a1a93c25"
url = "https://github.com/kunchenguid/treehouse/releases/download/v3.1.0/treehouse-v3.1.0-linux-amd64.tar.gz"
url_api = "https://api.github.com/repos/kunchenguid/treehouse/releases/assets/590013862"

[tools."github:kunchenguid/treehouse"."platforms.linux-x64-musl"]
checksum = "sha256:d783b1fdc1e0d2669c0042634850d795e1d12220e586782d82858e70a1a93c25"
url = "https://github.com/kunchenguid/treehouse/releases/download/v3.1.0/treehouse-v3.1.0-linux-amd64.tar.gz"
url_api = "https://api.github.com/repos/kunchenguid/treehouse/releases/assets/590013862"

[tools."github:kunchenguid/treehouse"."platforms.macos-arm64"]
checksum = "sha256:e78f52f078d90ffa8589da164fc87306020c5524776273ad040af04127dd91df"
url = "https://github.com/kunchenguid/treehouse/releases/download/v3.1.0/treehouse-v3.1.0-darwin-arm64.tar.gz"
url_api = "https://api.github.com/repos/kunchenguid/treehouse/releases/assets/590014783"

[tools."github:kunchenguid/treehouse"."platforms.macos-x64"]
checksum = "sha256:95a6f5cf582f767a8b102a749a53ea397bf28d20df10467c367927f26073e131"
url = "https://github.com/kunchenguid/treehouse/releases/download/v3.1.0/treehouse-v3.1.0-darwin-amd64.tar.gz"
url_api = "https://api.github.com/repos/kunchenguid/treehouse/releases/assets/590019981"

[tools."github:kunchenguid/treehouse"."platforms.windows-x64"]
checksum = "sha256:09b0594a88cf7a49ab3cf1d326dc656dced5e031e9df0fbaec6b2b2b149858a5"
url = "https://github.com/kunchenguid/treehouse/releases/download/v3.1.0/treehouse-v3.1.0-windows-amd64.zip"
url_api = "https://api.github.com/repos/kunchenguid/treehouse/releases/assets/590012732"

[[tools."github:nikolauska/glab-axi"]]
version = "0.1.0"
backend = "github:nikolauska/glab-axi"
specifiers = ["latest"]

[tools."github:nikolauska/glab-axi".options]
matching = "glab-axi"

[tools."github:nikolauska/glab-axi"."platforms.linux-arm64"]
checksum = "sha256:3202cd166889920c3757e11dbf243a74b042a132f8916b3cc0ad69878f0ca5c9"
url = "https://github.com/nikolauska/glab-axi/releases/download/v0.1.0/glab-axi-linux-arm64"
url_api = "https://api.github.com/repos/nikolauska/glab-axi/releases/assets/465187347"

[tools."github:nikolauska/glab-axi"."platforms.linux-arm64-musl"]
checksum = "sha256:3202cd166889920c3757e11dbf243a74b042a132f8916b3cc0ad69878f0ca5c9"
url = "https://github.com/nikolauska/glab-axi/releases/download/v0.1.0/glab-axi-linux-arm64"
url_api = "https://api.github.com/repos/nikolauska/glab-axi/releases/assets/465187347"

[tools."github:nikolauska/glab-axi"."platforms.linux-x64"]
checksum = "sha256:a2f75c8f5bc99fbde62f846d5395dfe5f4928bcb143b119129915b8d75e6dcdc"
url = "https://github.com/nikolauska/glab-axi/releases/download/v0.1.0/glab-axi-linux-amd64"
url_api = "https://api.github.com/repos/nikolauska/glab-axi/releases/assets/465187346"

[tools."github:nikolauska/glab-axi"."platforms.linux-x64-musl"]
checksum = "sha256:a2f75c8f5bc99fbde62f846d5395dfe5f4928bcb143b119129915b8d75e6dcdc"
url = "https://github.com/nikolauska/glab-axi/releases/download/v0.1.0/glab-axi-linux-amd64"
url_api = "https://api.github.com/repos/nikolauska/glab-axi/releases/assets/465187346"

[tools."github:nikolauska/glab-axi"."platforms.macos-arm64"]
checksum = "sha256:9211d68e54f9096675bc8ec82c98ce899683000485f566ca7e3c2eaf04d6fe25"
url = "https://github.com/nikolauska/glab-axi/releases/download/v0.1.0/glab-axi-darwin-arm64"
url_api = "https://api.github.com/repos/nikolauska/glab-axi/releases/assets/465187351"

[tools."github:nikolauska/glab-axi"."platforms.macos-x64"]
checksum = "sha256:286880174c25bbc00bfca52bc03f4fa2bdc164278654ed8c2de7308f094c846e"
url = "https://github.com/nikolauska/glab-axi/releases/download/v0.1.0/glab-axi-darwin-amd64"
url_api = "https://api.github.com/repos/nikolauska/glab-axi/releases/assets/465187349"

[tools."github:nikolauska/glab-axi"."platforms.windows-x64"]
checksum = "sha256:3a4e4f32f4438518053628c50f790d61f85f52a5bc51b3422ccede45cdf2898a"
url = "https://github.com/nikolauska/glab-axi/releases/download/v0.1.0/glab-axi-windows-amd64.exe"
url_api = "https://api.github.com/repos/nikolauska/glab-axi/releases/assets/465187350"

[[tools.glab]]
version = "1.119.0"
backend = "gitlab:gitlab-org/cli"
specifiers = ["latest"]

[tools.glab."platforms.linux-arm64"]
checksum = "sha256:8540c4afbe63c4da023c15bfce15f2f1ef9cc1afe4a6fd6812c426b9eeab073b"
url = "https://gitlab.com/gitlab-org/cli/-/releases/v1.119.0/downloads/glab_1.119.0_linux_arm64.tar.gz"
url_api = "https://gitlab.com/api/v4/projects/gitlab-org%2Fcli/packages/generic/glab/1%2E119%2E0/glab_1%2E119%2E0_linux_arm64%2Etar%2Egz"

[tools.glab."platforms.linux-arm64-musl"]
checksum = "sha256:8540c4afbe63c4da023c15bfce15f2f1ef9cc1afe4a6fd6812c426b9eeab073b"
url = "https://gitlab.com/gitlab-org/cli/-/releases/v1.119.0/downloads/glab_1.119.0_linux_arm64.tar.gz"
url_api = "https://gitlab.com/api/v4/projects/gitlab-org%2Fcli/packages/generic/glab/1%2E119%2E0/glab_1%2E119%2E0_linux_arm64%2Etar%2Egz"

[tools.glab."platforms.linux-x64"]
checksum = "sha256:4d83375d202ffa634eaf627fd9272b610fa599f20f5b711f55d770583eca2b84"
url = "https://gitlab.com/gitlab-org/cli/-/releases/v1.119.0/downloads/glab_1.119.0_linux_amd64.tar.gz"
url_api = "https://gitlab.com/api/v4/projects/gitlab-org%2Fcli/packages/generic/glab/1%2E119%2E0/glab_1%2E119%2E0_linux_amd64%2Etar%2Egz"

[tools.glab."platforms.linux-x64-musl"]
checksum = "sha256:4d83375d202ffa634eaf627fd9272b610fa599f20f5b711f55d770583eca2b84"
url = "https://gitlab.com/gitlab-org/cli/-/releases/v1.119.0/downloads/glab_1.119.0_linux_amd64.tar.gz"
url_api = "https://gitlab.com/api/v4/projects/gitlab-org%2Fcli/packages/generic/glab/1%2E119%2E0/glab_1%2E119%2E0_linux_amd64%2Etar%2Egz"

[tools.glab."platforms.macos-arm64"]
checksum = "sha256:d9cddd1dbe9a8bea8d5709f90a9ac13c3dd3eb0d0e94e3bc4fae6b27abd6a3db"
url = "https://gitlab.com/gitlab-org/cli/-/releases/v1.119.0/downloads/glab_1.119.0_darwin_arm64.tar.gz"
url_api = "https://gitlab.com/api/v4/projects/gitlab-org%2Fcli/packages/generic/glab/1%2E119%2E0/glab_1%2E119%2E0_darwin_arm64%2Etar%2Egz"

[tools.glab."platforms.macos-x64"]
checksum = "sha256:5dc0b4a5bbf2ae96cd7761ad76fce689c5e085e2ad4a97ec90c4db5691dcdc2a"
url = "https://gitlab.com/gitlab-org/cli/-/releases/v1.119.0/downloads/glab_1.119.0_darwin_amd64.tar.gz"
url_api = "https://gitlab.com/api/v4/projects/gitlab-org%2Fcli/packages/generic/glab/1%2E119%2E0/glab_1%2E119%2E0_darwin_amd64%2Etar%2Egz"

[tools.glab."platforms.windows-x64"]
checksum = "sha256:fa12c31cf8100fd5b41f6fc9cf907b344474d183c766d9b6806dbbbeba14e7af"
url = "https://gitlab.com/gitlab-org/cli/-/releases/v1.119.0/downloads/glab_1.119.0_windows_amd64.zip"
url_api = "https://gitlab.com/api/v4/projects/gitlab-org%2Fcli/packages/generic/glab/1%2E119%2E0/glab_1%2E119%2E0_windows_amd64%2Ezip"

[[tools."http:sonarqube-cli"]]
version = "1.8.0.5274"
backend = "http:sonarqube-cli"
specifiers = ["latest"]

[tools."http:sonarqube-cli"."platforms.linux-arm64"]
url = "https://binaries.sonarsource.com/Distribution/sonarqube-cli/1.8.0.5274/linux/sonarqube-cli-1.8.0.5274-linux-arm64.bin"

[tools."http:sonarqube-cli"."platforms.linux-arm64-musl"]
url = "https://binaries.sonarsource.com/Distribution/sonarqube-cli/1.8.0.5274/linux/sonarqube-cli-1.8.0.5274-linux-arm64.bin"

[tools."http:sonarqube-cli"."platforms.linux-x64"]
checksum = "blake3:f75f0ca8691cdff04a75aceedc36513360191ea0a8262befc2b248d2634fc30c"
url = "https://binaries.sonarsource.com/Distribution/sonarqube-cli/1.8.0.5274/linux/sonarqube-cli-1.8.0.5274-linux-x86-64.bin"

[tools."http:sonarqube-cli"."platforms.linux-x64-musl"]
url = "https://binaries.sonarsource.com/Distribution/sonarqube-cli/1.8.0.5274/linux/sonarqube-cli-1.8.0.5274-linux-x86-64.bin"

[tools."http:sonarqube-cli"."platforms.macos-arm64"]
url = "https://binaries.sonarsource.com/Distribution/sonarqube-cli/1.8.0.5274/macos/sonarqube-cli-1.8.0.5274-macos-arm64.bin"

[tools."http:sonarqube-cli"."platforms.windows-x64"]
url = "https://binaries.sonarsource.com/Distribution/sonarqube-cli/1.8.0.5274/windows/sonarqube-cli-1.8.0.5274-windows-x86-64.exe"

[[tools.node]]
version = "24.21.0"
backend = "core:node"
specifiers = [
    "24",
    "lts",
]

[tools.node."platforms.linux-arm64"]
checksum = "sha256:724282c3b43aec998aa9527380465b45d229e021b58035f5f4f63095eabfe5d5"
url = "https://nodejs.org/dist/v24.21.0/node-v24.21.0-linux-arm64.tar.gz"

[tools.node."platforms.linux-arm64-musl"]
checksum = "sha256:3048b0811e158ca0d8672b59c839861763e144492980d8d29b369dfee45747e4"
url = "https://unofficial-builds.nodejs.org/download/release/v24.21.0/node-v24.21.0-linux-arm64-musl.tar.gz"

[tools.node."platforms.linux-x64"]
checksum = "sha256:6e1db87ef58b8819e5d5402eff1536491b18edd8eb7bee5ef7897876e88dc5ff"
url = "https://nodejs.org/dist/v24.21.0/node-v24.21.0-linux-x64.tar.gz"

[tools.node."platforms.linux-x64-musl"]
checksum = "sha256:01a713e34da98e7b4d2a3191ee7ca3f93dd0384d1a2ef23c379b2161ee6e133a"
url = "https://unofficial-builds.nodejs.org/download/release/v24.21.0/node-v24.21.0-linux-x64-musl.tar.gz"

[tools.node."platforms.macos-arm64"]
checksum = "sha256:bed7eea5325e1108f32ce5228ddd6a5f0f08a499ee42aa7442aea583702f6057"
url = "https://nodejs.org/dist/v24.21.0/node-v24.21.0-darwin-arm64.tar.gz"

[tools.node."platforms.macos-x64"]
checksum = "sha256:1462cb3b3046b815cf8ea436d3da450ec1a9f11dac7e5a46b0ada5305d7e8097"
url = "https://nodejs.org/dist/v24.21.0/node-v24.21.0-darwin-x64.tar.gz"

[tools.node."platforms.windows-x64"]
checksum = "sha256:158f7685b44de51f6c0df1d153526cbcd3e1bc739a8dfc607721cef75de9e541"
url = "https://nodejs.org/dist/v24.21.0/node-v24.21.0-win-x64.zip"

[[tools."npm:@jkeskikangas/skillcheck"]]
version = "0.2.4"
aube = { path = "locks/npm-jkeskikangas-skillcheck/0.2.4", digest = "sha256:9e5f49b76f9c741c714aef400d8b7f773f4df0b050cedeeef6f9420ad5573a91" }
backend = "npm:@jkeskikangas/skillcheck"
specifiers = ["latest"]

[[tools."npm:@nikolauska/cbm-axi"]]
version = "0.8.0"
aube = { path = "locks/npm-nikolauska-cbm-axi/0.8.0", digest = "sha256:2b54d78189022a2c70a957f25d044a259280f7d9bbbb860eb67d23266d37ebad" }
backend = "npm:@nikolauska/cbm-axi"
specifiers = ["latest"]

[[tools."npm:@nikolauska/linear-axi"]]
version = "0.5.0"
aube = { path = "locks/npm-nikolauska-linear-axi/0.5.0", digest = "sha256:70125434dd7b921600294bc3775305577d6850e67149b708db1d3f63ef860cd7" }
backend = "npm:@nikolauska/linear-axi"
specifiers = ["latest"]

[[tools."npm:@nikolauska/sentry-axi"]]
version = "0.4.0"
aube = { path = "locks/npm-nikolauska-sentry-axi/0.4.0", digest = "sha256:cb62f210c5f1a2c0bef871fe43d4b787198409dcfa8b3eff74875b60f4fb2a2b" }
backend = "npm:@nikolauska/sentry-axi"
specifiers = ["latest"]

[[tools."npm:acpx"]]
version = "0.19.3"
aube = { path = "locks/npm-acpx/0.19.3", digest = "sha256:e79f61197afcf338c56b7c2d22a98d09c36fd8e3a2323147b36ae6042cd4c19a" }
backend = "npm:acpx"
specifiers = ["latest"]

[[tools."npm:chrome-devtools-axi"]]
version = "0.1.35"
aube = { path = "locks/npm-chrome-devtools-axi/0.1.35", digest = "sha256:2891ff40fb5ec312266ce02fda37f6f7c0deb1f64e826bed0123ea343a38587f" }
backend = "npm:chrome-devtools-axi"
specifiers = ["latest"]

[[tools."npm:chrome-devtools-mcp"]]
version = "1.10.1"
aube = { path = "locks/npm-chrome-devtools-mcp/1.10.1", digest = "sha256:d0ad9551fb0928d247af33705d0cf1ea01382aa6691da825a4480ae9505dcf70" }
backend = "npm:chrome-devtools-mcp"
specifiers = ["latest"]

[[tools."npm:gh-axi"]]
version = "0.1.35"
aube = { path = "locks/npm-gh-axi/0.1.35", digest = "sha256:70242e26a2ef1f8085d17a9991d9fdaa99609a949e059f25e8dbd20482e7451a" }
backend = "npm:gh-axi"
specifiers = ["latest"]

[[tools."npm:lavish-axi"]]
version = "0.1.79"
aube = { path = "locks/npm-lavish-axi/0.1.79", digest = "sha256:9aa4446769d0e715b02cf039fd79cae4eb5fbc27eb3fdb99e747c9620eee6b0b" }
backend = "npm:lavish-axi"
specifiers = ["latest"]

[[tools."npm:skills"]]
version = "1.7.0"
aube = { path = "locks/npm-skills/1.7.0", digest = "sha256:5e1165c56e5de749970266d1a30e7fc0c22a36480eab6c505c7d6748076654bc" }
backend = "npm:skills"
specifiers = ["latest"]
