# @generated - this file is auto-generated by `mise lock` https://mise.jdx.dev/dev-tools/mise-lock.html

lockfile_version = 2

[conda-packages.linux-arm64."_openmp_mutex-4.5-20_gnu"]
url = "https://conda.anaconda.org/conda-forge/linux-aarch64/_openmp_mutex-4.5-20_gnu.conda"
checksum = "sha256:a2527b1d81792a0ccd2c05850960df119c2b6d8f5fdec97f2db7d25dc23b1068"

[conda-packages.linux-arm64."libgcc-16.2.0-h205dda4_7"]
url = "https://conda.anaconda.org/conda-forge/linux-aarch64/libgcc-16.2.0-h205dda4_7.conda"
checksum = "sha256:eae7a3449d5a3b5351c5427137c076cc3fc826645c7bfc42dc10772b783826f1"

[conda-packages.linux-arm64."libgomp-16.2.0-h8acb6b2_7"]
url = "https://conda.anaconda.org/conda-forge/linux-aarch64/libgomp-16.2.0-h8acb6b2_7.conda"
checksum = "sha256:4406fd67c5beeb99b9372f9bf07aa3e40ca141e337eceebac3ff64aa72799494"

[conda-packages.linux-arm64."libstdcxx-16.2.0-hef695bb_7"]
url = "https://conda.anaconda.org/conda-forge/linux-aarch64/libstdcxx-16.2.0-hef695bb_7.conda"
checksum = "sha256:b241a3acfa9cdb1359112864a1241225533c92642de3000d52ae65ef5d3a9786"

[conda-packages.linux-arm64-musl."_openmp_mutex-4.5-20_gnu"]
url = "https://conda.anaconda.org/conda-forge/linux-aarch64/_openmp_mutex-4.5-20_gnu.conda"
checksum = "sha256:a2527b1d81792a0ccd2c05850960df119c2b6d8f5fdec97f2db7d25dc23b1068"

[conda-packages.linux-arm64-musl."libgcc-16.2.0-h205dda4_7"]
url = "https://conda.anaconda.org/conda-forge/linux-aarch64/libgcc-16.2.0-h205dda4_7.conda"
checksum = "sha256:eae7a3449d5a3b5351c5427137c076cc3fc826645c7bfc42dc10772b783826f1"

[conda-packages.linux-arm64-musl."libgomp-16.2.0-h8acb6b2_7"]
url = "https://conda.anaconda.org/conda-forge/linux-aarch64/libgomp-16.2.0-h8acb6b2_7.conda"
checksum = "sha256:4406fd67c5beeb99b9372f9bf07aa3e40ca141e337eceebac3ff64aa72799494"

[conda-packages.linux-arm64-musl."libstdcxx-16.2.0-hef695bb_7"]
url = "https://conda.anaconda.org/conda-forge/linux-aarch64/libstdcxx-16.2.0-hef695bb_7.conda"
checksum = "sha256:b241a3acfa9cdb1359112864a1241225533c92642de3000d52ae65ef5d3a9786"

[conda-packages.linux-x64."_openmp_mutex-4.5-20_gnu"]
url = "https://conda.anaconda.org/conda-forge/linux-64/_openmp_mutex-4.5-20_gnu.conda"
checksum = "sha256:1dd3fffd892081df9726d7eb7e0dea6198962ba775bd88842135a4ddb4deb3c9"

[conda-packages.linux-x64."libgcc-16.2.0-ha9f2e26_7"]
url = "https://conda.anaconda.org/conda-forge/linux-64/libgcc-16.2.0-ha9f2e26_7.conda"
checksum = "sha256:e031634c3a928f9594eba868bc46ef5230d6571a364a0c63215b06c4563bfcea"

[conda-packages.linux-x64."libgomp-16.2.0-he0feb66_7"]
url = "https://conda.anaconda.org/conda-forge/linux-64/libgomp-16.2.0-he0feb66_7.conda"
checksum = "sha256:92a0bb350c7be6a4eedcb4e111c60aefd176018e6b1c009a6e025dbe9bbcd758"

[conda-packages.linux-x64."libstdcxx-16.2.0-h934c35e_7"]
url = "https://conda.anaconda.org/conda-forge/linux-64/libstdcxx-16.2.0-h934c35e_7.conda"
checksum = "sha256:fa7018298629fc429971fffd6ecba3d27a7b02e4e890d6a93ea01ffebe8cb745"

[conda-packages.linux-x64-musl."_openmp_mutex-4.5-20_gnu"]
url = "https://conda.anaconda.org/conda-forge/linux-64/_openmp_mutex-4.5-20_gnu.conda"
checksum = "sha256:1dd3fffd892081df9726d7eb7e0dea6198962ba775bd88842135a4ddb4deb3c9"

[conda-packages.linux-x64-musl."libgcc-16.2.0-ha9f2e26_7"]
url = "https://conda.anaconda.org/conda-forge/linux-64/libgcc-16.2.0-ha9f2e26_7.conda"
checksum = "sha256:e031634c3a928f9594eba868bc46ef5230d6571a364a0c63215b06c4563bfcea"

[conda-packages.linux-x64-musl."libgomp-16.2.0-he0feb66_7"]
url = "https://conda.anaconda.org/conda-forge/linux-64/libgomp-16.2.0-he0feb66_7.conda"
checksum = "sha256:92a0bb350c7be6a4eedcb4e111c60aefd176018e6b1c009a6e025dbe9bbcd758"

[conda-packages.linux-x64-musl."libstdcxx-16.2.0-h934c35e_7"]
url = "https://conda.anaconda.org/conda-forge/linux-64/libstdcxx-16.2.0-h934c35e_7.conda"
checksum = "sha256:fa7018298629fc429971fffd6ecba3d27a7b02e4e890d6a93ea01ffebe8cb745"

[conda-packages.macos-arm64."libcxx-23.1.2-h55c6f16_0"]
url = "https://conda.anaconda.org/conda-forge/osx-arm64/libcxx-23.1.2-h55c6f16_0.conda"
checksum = "sha256:087a610bacee7901d259ef72c6f060d795ab26831bd7541ba75ced786a5a63f9"

[conda-packages.macos-x64."libcxx-23.1.2-h19cb2f5_0"]
url = "https://conda.anaconda.org/conda-forge/osx-64/libcxx-23.1.2-h19cb2f5_0.conda"
checksum = "sha256:0ad8c788c3681674f100820cf5e76fcc8ec88502e7aa64f4776581985009a7be"

[conda-packages.windows-x64."ucrt-10.0.26100.0-h57928b3_0"]
url = "https://conda.anaconda.org/conda-forge/win-64/ucrt-10.0.26100.0-h57928b3_0.conda"
checksum = "sha256:3005729dce6f3d3f5ec91dfc49fc75a0095f9cd23bab49efb899657297ac91a5"

[conda-packages.windows-x64."vc-14.5-ha367084_41"]
url = "https://conda.anaconda.org/conda-forge/win-64/vc-14.5-ha367084_41.conda"
checksum = "sha256:35444c55a92e2f7f7ba26bc70f81e56e52344f7d064c0fd4b40a46a58517b79c"

[conda-packages.windows-x64."vc14_runtime-14.51.36247-habf1de7_41"]
url = "https://conda.anaconda.org/conda-forge/win-64/vc14_runtime-14.51.36247-habf1de7_41.conda"
checksum = "sha256:4e4cb599cdc41bf2109d1464c127b5bcbddf548ce3e322e612afb691338b48f8"

[conda-packages.windows-x64."vcomp14-14.51.36247-habf1de7_41"]
url = "https://conda.anaconda.org/conda-forge/win-64/vcomp14-14.51.36247-habf1de7_41.conda"
checksum = "sha256:731e043390c9457299484d39e427221fc868a9249540a498a5a4f6456c7744d1"

[[tools."conda:uncrustify"]]
version = "0.83.0"
backend = "conda:uncrustify"
specifiers = ["latest"]

[tools."conda:uncrustify".options]
channel = "conda-forge"

[tools."conda:uncrustify"."platforms.linux-arm64"]
checksum = "sha256:e2b3719965204cc8c0fecaa685c96b527da168f97eb13a7e36fc7d8a6876c2b0"
url = "https://conda.anaconda.org/conda-forge/linux-aarch64/uncrustify-0.83.0-h7ac5ae9_0.conda"
conda_deps = [
    "libgcc-16.2.0-h205dda4_7",
    "libstdcxx-16.2.0-hef695bb_7",
    "_openmp_mutex-4.5-20_gnu",
    "libgomp-16.2.0-h8acb6b2_7",
]

[tools."conda:uncrustify"."platforms.linux-arm64-musl"]
checksum = "sha256:e2b3719965204cc8c0fecaa685c96b527da168f97eb13a7e36fc7d8a6876c2b0"
url = "https://conda.anaconda.org/conda-forge/linux-aarch64/uncrustify-0.83.0-h7ac5ae9_0.conda"
conda_deps = [
    "libgcc-16.2.0-h205dda4_7",
    "libstdcxx-16.2.0-hef695bb_7",
    "_openmp_mutex-4.5-20_gnu",
    "libgomp-16.2.0-h8acb6b2_7",
]

[tools."conda:uncrustify"."platforms.linux-x64"]
checksum = "sha256:556ea427c375c2b9eb3122b19a1ce0891d535ad51a196f25c73786bb1d7c5156"
url = "https://conda.anaconda.org/conda-forge/linux-64/uncrustify-0.83.0-h54a6638_0.conda"
conda_deps = [
    "libgcc-16.2.0-ha9f2e26_7",
    "libstdcxx-16.2.0-h934c35e_7",
    "_openmp_mutex-4.5-20_gnu",
    "libgomp-16.2.0-he0feb66_7",
]

[tools."conda:uncrustify"."platforms.linux-x64-musl"]
checksum = "sha256:556ea427c375c2b9eb3122b19a1ce0891d535ad51a196f25c73786bb1d7c5156"
url = "https://conda.anaconda.org/conda-forge/linux-64/uncrustify-0.83.0-h54a6638_0.conda"
conda_deps = [
    "libgcc-16.2.0-ha9f2e26_7",
    "libstdcxx-16.2.0-h934c35e_7",
    "_openmp_mutex-4.5-20_gnu",
    "libgomp-16.2.0-he0feb66_7",
]

[tools."conda:uncrustify"."platforms.macos-arm64"]
checksum = "sha256:facdca6b4a5708e6e2eb23218e703557a81bb9c65e3eb52449690bd8253f8d20"
url = "https://conda.anaconda.org/conda-forge/osx-arm64/uncrustify-0.83.0-h784d473_0.conda"
conda_deps = ["libcxx-23.1.2-h55c6f16_0"]

[tools."conda:uncrustify"."platforms.macos-x64"]
checksum = "sha256:6591ad386b4f80c1da1f206e6ee239b72c959e0d2753c69286c2a34143118411"
url = "https://conda.anaconda.org/conda-forge/osx-64/uncrustify-0.83.0-h2fb4741_0.conda"
conda_deps = ["libcxx-23.1.2-h19cb2f5_0"]

[tools."conda:uncrustify"."platforms.windows-x64"]
checksum = "sha256:0b6a79198507fe18b7fb822dbe5c9c5efdc4e5d7d8ae4ad70361c5e6efbe0c8b"
url = "https://conda.anaconda.org/conda-forge/win-64/uncrustify-0.83.0-h5112557_0.conda"
conda_deps = [
    "vc-14.5-ha367084_41",
    "vc14_runtime-14.51.36247-habf1de7_41",
    "vcomp14-14.51.36247-habf1de7_41",
    "ucrt-10.0.26100.0-h57928b3_0",
]

[[tools.gh]]
version = "2.102.0"
backend = "aqua:cli/cli"
specifiers = ["latest"]

[tools.gh."platforms.linux-arm64"]
checksum = "sha256:7862c86c72f43df3a2d93ddde6f473285b4e2af61b494849846827e513ef6484"
url = "https://github.com/cli/cli/releases/download/v2.102.0/gh_2.102.0_linux_arm64.tar.gz"
url_api = "https://api.github.com/repos/cli/cli/releases/assets/599854680"
provenance = "github-attestations"

[tools.gh."platforms.linux-arm64-musl"]
checksum = "sha256:7862c86c72f43df3a2d93ddde6f473285b4e2af61b494849846827e513ef6484"
url = "https://github.com/cli/cli/releases/download/v2.102.0/gh_2.102.0_linux_arm64.tar.gz"
url_api = "https://api.github.com/repos/cli/cli/releases/assets/599854680"
provenance = "github-attestations"

[tools.gh."platforms.linux-x64"]
checksum = "sha256:bb766f710eef8ede859c18578c72c327597cd4c8a85b06001b1f3843c6019386"
url = "https://github.com/cli/cli/releases/download/v2.102.0/gh_2.102.0_linux_amd64.tar.gz"
url_api = "https://api.github.com/repos/cli/cli/releases/assets/599854672"
provenance = "github-attestations"

[tools.gh."platforms.linux-x64-musl"]
checksum = "sha256:bb766f710eef8ede859c18578c72c327597cd4c8a85b06001b1f3843c6019386"
url = "https://github.com/cli/cli/releases/download/v2.102.0/gh_2.102.0_linux_amd64.tar.gz"
url_api = "https://api.github.com/repos/cli/cli/releases/assets/599854672"
provenance = "github-attestations"

[tools.gh."platforms.macos-arm64"]
checksum = "sha256:da922c20d1792e5b2cbf375593d7a658acf034c12c84e007e71c76ef959c337e"
url = "https://github.com/cli/cli/releases/download/v2.102.0/gh_2.102.0_macOS_arm64.zip"
url_api = "https://api.github.com/repos/cli/cli/releases/assets/599854720"
provenance = "github-attestations"

[tools.gh."platforms.macos-x64"]
checksum = "sha256:b245f24eb2bf5f75b426b4c26da3651a107f8d5b6f4fddfbfccc5679041378b3"
url = "https://github.com/cli/cli/releases/download/v2.102.0/gh_2.102.0_macOS_amd64.zip"
url_api = "https://api.github.com/repos/cli/cli/releases/assets/599854716"
provenance = "github-attestations"

[tools.gh."platforms.windows-x64"]
checksum = "sha256:ae64e556ecc240b200f7eba60d550e4bb60d78e860e69dd88c449405b86067f4"
url = "https://github.com/cli/cli/releases/download/v2.102.0/gh_2.102.0_windows_amd64.zip"
url_api = "https://api.github.com/repos/cli/cli/releases/assets/599854760"
provenance = "github-attestations"

[[tools."github:AltanS/collie"]]
version = "1.16.1"
backend = "github:AltanS/collie"
specifiers = ["latest"]

[tools."github:AltanS/collie".options]
matching = "collie-"

[tools."github:AltanS/collie"."platforms.linux-arm64"]
checksum = "sha256:178c4137f2936677b0fec38d2c6575aad4807ba039731f9627d1dbb3a7c048d9"
url = "https://github.com/AltanS/collie/releases/download/v1.16.1/collie-1.16.1-linux-arm64.tar.gz"
url_api = "https://api.github.com/repos/AltanS/collie/releases/assets/608219234"

[tools."github:AltanS/collie"."platforms.linux-arm64-musl"]
checksum = "sha256:178c4137f2936677b0fec38d2c6575aad4807ba039731f9627d1dbb3a7c048d9"
url = "https://github.com/AltanS/collie/releases/download/v1.16.1/collie-1.16.1-linux-arm64.tar.gz"
url_api = "https://api.github.com/repos/AltanS/collie/releases/assets/608219234"

[tools."github:AltanS/collie"."platforms.linux-x64"]
checksum = "sha256:47d717a4c66f5ac3db1752063e1b1868cf090634940e684310dda5a9f3a06b11"
url = "https://github.com/AltanS/collie/releases/download/v1.16.1/collie-1.16.1-linux-x64.tar.gz"
url_api = "https://api.github.com/repos/AltanS/collie/releases/assets/608219242"

[tools."github:AltanS/collie"."platforms.linux-x64-musl"]
checksum = "sha256:47d717a4c66f5ac3db1752063e1b1868cf090634940e684310dda5a9f3a06b11"
url = "https://github.com/AltanS/collie/releases/download/v1.16.1/collie-1.16.1-linux-x64.tar.gz"
url_api = "https://api.github.com/repos/AltanS/collie/releases/assets/608219242"

[tools."github:AltanS/collie"."platforms.macos-arm64"]
checksum = "sha256:d6c3f3a38c9b609ec977fc40699fcc1cc1f06495ee97c393e6580b3c02abc427"
url = "https://github.com/AltanS/collie/releases/download/v1.16.1/collie-1.16.1-macos-arm64.tar.gz"
url_api = "https://api.github.com/repos/AltanS/collie/releases/assets/608219238"

[tools."github:AltanS/collie"."platforms.windows-x64"]
checksum = "sha256:838ffcd4d8de787c0089b410fcea05af3566715199993b5e19d1cac9974dfa7d"
url = "https://github.com/AltanS/collie/releases/download/v1.16.1/collie-1.16.1-windows-x64.zip"
url_api = "https://api.github.com/repos/AltanS/collie/releases/assets/608219270"

[[tools."github:CircleCI-Public/circleci-cli"]]
version = "1.0.51932"
backend = "github:CircleCI-Public/circleci-cli"
specifiers = ["latest"]

[tools."github:CircleCI-Public/circleci-cli".options]
matching = "circleci-cli_"

[tools."github:CircleCI-Public/circleci-cli"."platforms.linux-arm64"]
checksum = "sha256:4a3bc28174e02df588aea6cc398c9659e50067ced9ce1dad49165a4237931f02"
url = "https://github.com/CircleCI-Public/circleci-cli/releases/download/v1.0.51932/circleci-cli_1.0.51932_linux_arm64.tar.gz"
url_api = "https://api.github.com/repos/CircleCI-Public/circleci-cli/releases/assets/605737291"
provenance = "github-attestations"

[tools."github:CircleCI-Public/circleci-cli"."platforms.linux-arm64-musl"]
checksum = "sha256:4a3bc28174e02df588aea6cc398c9659e50067ced9ce1dad49165a4237931f02"
url = "https://github.com/CircleCI-Public/circleci-cli/releases/download/v1.0.51932/circleci-cli_1.0.51932_linux_arm64.tar.gz"
url_api = "https://api.github.com/repos/CircleCI-Public/circleci-cli/releases/assets/605737291"
provenance = "github-attestations"

[tools."github:CircleCI-Public/circleci-cli"."platforms.linux-x64"]
checksum = "sha256:d7be00a2818566dfbea0ffea2aad715d20a3681461fe8cd15961ba7e3f2cd37b"
url = "https://github.com/CircleCI-Public/circleci-cli/releases/download/v1.0.51932/circleci-cli_1.0.51932_linux_amd64.tar.gz"
url_api = "https://api.github.com/repos/CircleCI-Public/circleci-cli/releases/assets/605737290"
provenance = "github-attestations"

[tools."github:CircleCI-Public/circleci-cli"."platforms.linux-x64-musl"]
checksum = "sha256:d7be00a2818566dfbea0ffea2aad715d20a3681461fe8cd15961ba7e3f2cd37b"
url = "https://github.com/CircleCI-Public/circleci-cli/releases/download/v1.0.51932/circleci-cli_1.0.51932_linux_amd64.tar.gz"
url_api = "https://api.github.com/repos/CircleCI-Public/circleci-cli/releases/assets/605737290"
provenance = "github-attestations"

[tools."github:CircleCI-Public/circleci-cli"."platforms.macos-arm64"]
checksum = "sha256:7d15eb861ca6e2d7198daf57f6cee704744ef29f1754a370d598ce50092be3f4"
url = "https://github.com/CircleCI-Public/circleci-cli/releases/download/v1.0.51932/circleci-cli_1.0.51932_darwin_arm64.tar.gz"
url_api = "https://api.github.com/repos/CircleCI-Public/circleci-cli/releases/assets/605737327"
provenance = "github-attestations"

[tools."github:CircleCI-Public/circleci-cli"."platforms.macos-x64"]
checksum = "sha256:fcecfed8a35ec1030d4abf6b4b028fe100fddc76066404aa3f8ef0047a8a2cc1"
url = "https://github.com/CircleCI-Public/circleci-cli/releases/download/v1.0.51932/circleci-cli_1.0.51932_darwin_amd64.tar.gz"
url_api = "https://api.github.com/repos/CircleCI-Public/circleci-cli/releases/assets/605737292"
provenance = "github-attestations"

[tools."github:CircleCI-Public/circleci-cli"."platforms.windows-x64"]
checksum = "sha256:2390a0c2cae9474335845cefa95ba086b5ef9c3736b26e37032cd3b852c28c08"
url = "https://github.com/CircleCI-Public/circleci-cli/releases/download/v1.0.51932/circleci-cli_1.0.51932_windows_amd64.zip"
url_api = "https://api.github.com/repos/CircleCI-Public/circleci-cli/releases/assets/605737336"
provenance = "github-attestations"

[[tools."github:DataDog/pup"]]
version = "1.24.0"
backend = "github:DataDog/pup"
specifiers = ["latest"]

[tools."github:DataDog/pup".options]
matching = "pup_"

[tools."github:DataDog/pup"."platforms.linux-arm64"]
checksum = "sha256:23632e567c0935a790468de6080a078fb9999a65fd2c53fd0ddada01d2cd28ee"
url = "https://github.com/DataDog/pup/releases/download/v1.24.0/pup_1.24.0_Linux_arm64.tar.gz"
url_api = "https://api.github.com/repos/DataDog/pup/releases/assets/606127108"

[tools."github:DataDog/pup"."platforms.linux-arm64-musl"]
checksum = "sha256:23632e567c0935a790468de6080a078fb9999a65fd2c53fd0ddada01d2cd28ee"
url = "https://github.com/DataDog/pup/releases/download/v1.24.0/pup_1.24.0_Linux_arm64.tar.gz"
url_api = "https://api.github.com/repos/DataDog/pup/releases/assets/606127108"

[tools."github:DataDog/pup"."platforms.linux-x64"]
checksum = "sha256:bf6387ce33deee3bf2b8fbb72ec32387cd6a52ac9ce19f4fdaadc85c2c4b3b18"
url = "https://github.com/DataDog/pup/releases/download/v1.24.0/pup_1.24.0_Linux_x86_64.tar.gz"
url_api = "https://api.github.com/repos/DataDog/pup/releases/assets/606127134"

[tools."github:DataDog/pup"."platforms.linux-x64-musl"]
checksum = "sha256:bf6387ce33deee3bf2b8fbb72ec32387cd6a52ac9ce19f4fdaadc85c2c4b3b18"
url = "https://github.com/DataDog/pup/releases/download/v1.24.0/pup_1.24.0_Linux_x86_64.tar.gz"
url_api = "https://api.github.com/repos/DataDog/pup/releases/assets/606127134"

[tools."github:DataDog/pup"."platforms.macos-arm64"]
checksum = "sha256:ad0b33953b51b825aba5213ab8ca7f3a5185d1486144fd000c55210e7756c6f6"
url = "https://github.com/DataDog/pup/releases/download/v1.24.0/pup_1.24.0_Darwin_arm64.tar.gz"
url_api = "https://api.github.com/repos/DataDog/pup/releases/assets/606127105"

[tools."github:DataDog/pup"."platforms.macos-x64"]
checksum = "sha256:357e4f998dc091ef5f1156165c3a68aa2115d1352c93eaddef7992d383a89ad7"
url = "https://github.com/DataDog/pup/releases/download/v1.24.0/pup_1.24.0_Darwin_x86_64.tar.gz"
url_api = "https://api.github.com/repos/DataDog/pup/releases/assets/606127110"

[tools."github:DataDog/pup"."platforms.windows-x64"]
checksum = "sha256:f50b69276db2ff1eaee9580cbcf07a29cd132af27bc403433f1ed3a52c6e6fcb"
url = "https://github.com/DataDog/pup/releases/download/v1.24.0/pup_1.24.0_Windows_x86_64.zip"
url_api = "https://api.github.com/repos/DataDog/pup/releases/assets/606127147"

[[tools."github:DeusData/codebase-memory-mcp"]]
version = "0.11.0"
backend = "github:DeusData/codebase-memory-mcp"
specifiers = ["latest"]

[tools."github:DeusData/codebase-memory-mcp".options]
matching = "codebase-memory-mcp"

[tools."github:DeusData/codebase-memory-mcp"."platforms.linux-arm64"]
checksum = "sha256:c0e46c87cf37e35f1ac0bd9cc7e1d8b0ca4ef40034e1008805d709fa52a4e38a"
url = "https://github.com/DeusData/codebase-memory-mcp/releases/download/v0.11.0/codebase-memory-mcp-linux-arm64.tar.gz"
url_api = "https://api.github.com/repos/DeusData/codebase-memory-mcp/releases/assets/566714375"
provenance = "github-attestations"

[tools."github:DeusData/codebase-memory-mcp"."platforms.linux-arm64-musl"]
checksum = "sha256:c0e46c87cf37e35f1ac0bd9cc7e1d8b0ca4ef40034e1008805d709fa52a4e38a"
url = "https://github.com/DeusData/codebase-memory-mcp/releases/download/v0.11.0/codebase-memory-mcp-linux-arm64.tar.gz"
url_api = "https://api.github.com/repos/DeusData/codebase-memory-mcp/releases/assets/566714375"
provenance = "github-attestations"

[tools."github:DeusData/codebase-memory-mcp"."platforms.linux-x64"]
checksum = "sha256:032b33c1833919a2d1de67ff6367fa6ea46aee8689c86ef223c88fae3b6e4536"
url = "https://github.com/DeusData/codebase-memory-mcp/releases/download/v0.11.0/codebase-memory-mcp-linux-amd64.tar.gz"
url_api = "https://api.github.com/repos/DeusData/codebase-memory-mcp/releases/assets/566714382"
provenance = "github-attestations"

[tools."github:DeusData/codebase-memory-mcp"."platforms.linux-x64-musl"]
checksum = "sha256:032b33c1833919a2d1de67ff6367fa6ea46aee8689c86ef223c88fae3b6e4536"
url = "https://github.com/DeusData/codebase-memory-mcp/releases/download/v0.11.0/codebase-memory-mcp-linux-amd64.tar.gz"
url_api = "https://api.github.com/repos/DeusData/codebase-memory-mcp/releases/assets/566714382"
provenance = "github-attestations"

[tools."github:DeusData/codebase-memory-mcp"."platforms.macos-arm64"]
checksum = "sha256:4dee7f38b63740e6751d7a7ed7eb10291c1f2a3ea2415f599dc68370ca0a2d18"
url = "https://github.com/DeusData/codebase-memory-mcp/releases/download/v0.11.0/codebase-memory-mcp-darwin-arm64.tar.gz"
url_api = "https://api.github.com/repos/DeusData/codebase-memory-mcp/releases/assets/566714371"
provenance = "github-attestations"

[tools."github:DeusData/codebase-memory-mcp"."platforms.macos-x64"]
checksum = "sha256:dbf1c73bfcbde64e7dde4cd1320da7afc02e2c972ee1789ae039521411f5132e"
url = "https://github.com/DeusData/codebase-memory-mcp/releases/download/v0.11.0/codebase-memory-mcp-darwin-amd64.tar.gz"
url_api = "https://api.github.com/repos/DeusData/codebase-memory-mcp/releases/assets/566714380"
provenance = "github-attestations"

[tools."github:DeusData/codebase-memory-mcp"."platforms.windows-x64"]
checksum = "sha256:6eb6beaf261b19e419766e78baf93cbc3cf1c6338cff8fb7c0234859f96d1685"
url = "https://github.com/DeusData/codebase-memory-mcp/releases/download/v0.11.0/codebase-memory-mcp-windows-amd64.zip"
url_api = "https://api.github.com/repos/DeusData/codebase-memory-mcp/releases/assets/566714396"
provenance = "github-attestations"

[[tools."github:agent-sh/agnix"]]
version = "0.56.4"
backend = "github:agent-sh/agnix"
specifiers = ["latest"]

[tools."github:agent-sh/agnix".options]
matching = "agnix"

[tools."github:agent-sh/agnix"."platforms.linux-arm64"]
checksum = "sha256:f0b460e2c0df13dc2f95815bd449892d69215ced709c0153c95c342246191970"
url = "https://github.com/agent-sh/agnix/releases/download/v0.56.4/agnix-aarch64-unknown-linux-gnu.tar.gz"
url_api = "https://api.github.com/repos/agent-sh/agnix/releases/assets/609088750"
provenance = "github-attestations"

[tools."github:agent-sh/agnix"."platforms.linux-arm64-musl"]
checksum = "sha256:f0b460e2c0df13dc2f95815bd449892d69215ced709c0153c95c342246191970"
url = "https://github.com/agent-sh/agnix/releases/download/v0.56.4/agnix-aarch64-unknown-linux-gnu.tar.gz"
url_api = "https://api.github.com/repos/agent-sh/agnix/releases/assets/609088750"
provenance = "github-attestations"

[tools."github:agent-sh/agnix"."platforms.linux-x64"]
checksum = "sha256:c4ddf687b064639804f5b669c7372d48e6720cf397f320761b6d6ec315e72a96"
url = "https://github.com/agent-sh/agnix/releases/download/v0.56.4/agnix-x86_64-unknown-linux-gnu.tar.gz"
url_api = "https://api.github.com/repos/agent-sh/agnix/releases/assets/609088725"
provenance = "github-attestations"

[tools."github:agent-sh/agnix"."platforms.linux-x64-musl"]
checksum = "sha256:9f520b1ae417cb8c08cb52b7d7185f0939735ce03836aa240ecce09f788f65af"
url = "https://github.com/agent-sh/agnix/releases/download/v0.56.4/agnix-x86_64-unknown-linux-musl.tar.gz"
url_api = "https://api.github.com/repos/agent-sh/agnix/releases/assets/609088724"
provenance = "github-attestations"

[tools."github:agent-sh/agnix"."platforms.macos-arm64"]
checksum = "sha256:8f7043eadc6c162cf733fff2aaa1514619f38dcb541f39a2a42428d95ccdf6a6"
url = "https://github.com/agent-sh/agnix/releases/download/v0.56.4/agnix-aarch64-apple-darwin.tar.gz"
url_api = "https://api.github.com/repos/agent-sh/agnix/releases/assets/609088756"
provenance = "github-attestations"

[tools."github:agent-sh/agnix"."platforms.windows-x64"]
checksum = "sha256:ae2b9c74e1e82558c0becc119f68b7103376b4891dffa558df1e68f73cff8629"
url = "https://github.com/agent-sh/agnix/releases/download/v0.56.4/agnix-x86_64-pc-windows-msvc.zip"
url_api = "https://api.github.com/repos/agent-sh/agnix/releases/assets/609088718"
provenance = "github-attestations"

[[tools."github:can1357/oh-my-pi"]]
version = "18.6.1"
backend = "github:can1357/oh-my-pi"
specifiers = ["latest"]

[tools."github:can1357/oh-my-pi".options]
matching_regex = "^omp-"

[tools."github:can1357/oh-my-pi"."platforms.linux-arm64"]
checksum = "sha256:cb7815330bb117877e4e133562ea82e3001ee470e47393552507b5a7f0407f4a"
url = "https://github.com/can1357/oh-my-pi/releases/download/v18.6.1/omp-linux-arm64"
url_api = "https://api.github.com/repos/can1357/oh-my-pi/releases/assets/610156068"

[tools."github:can1357/oh-my-pi"."platforms.linux-arm64-musl"]
checksum = "sha256:a1f89c25f2cd19a5c47ddefa314302ef610c199e1df2bcf6a375e8712eb0e879"
url = "https://github.com/can1357/oh-my-pi/releases/download/v18.6.1/omp-linux-musl-arm64"
url_api = "https://api.github.com/repos/can1357/oh-my-pi/releases/assets/610156064"

[tools."github:can1357/oh-my-pi"."platforms.linux-x64"]
checksum = "sha256:c92a6846d02984e84f07c6362d18add3783f528f494ffcf1e0f26e594f327463"
url = "https://github.com/can1357/oh-my-pi/releases/download/v18.6.1/omp-linux-x64"
url_api = "https://api.github.com/repos/can1357/oh-my-pi/releases/assets/610156065"

[tools."github:can1357/oh-my-pi"."platforms.linux-x64-musl"]
checksum = "sha256:6b463bb8d808706bd727df99a0fa938928bb51a83d92964ebad35f62a9a915a6"
url = "https://github.com/can1357/oh-my-pi/releases/download/v18.6.1/omp-linux-musl-x64"
url_api = "https://api.github.com/repos/can1357/oh-my-pi/releases/assets/610156074"

[tools."github:can1357/oh-my-pi"."platforms.macos-arm64"]
checksum = "sha256:b5ca5cd17b8cc09ece36845988fd401f7d1002e1ab5b95600e0f328924246d52"
url = "https://github.com/can1357/oh-my-pi/releases/download/v18.6.1/omp-darwin-arm64"
url_api = "https://api.github.com/repos/can1357/oh-my-pi/releases/assets/610156073"

[tools."github:can1357/oh-my-pi"."platforms.macos-x64"]
checksum = "sha256:4c8ca5f8dfe98076fb6888f76465a43be5503ab3a183cbe20cc1748f9d5b9ba8"
url = "https://github.com/can1357/oh-my-pi/releases/download/v18.6.1/omp-darwin-x64"
url_api = "https://api.github.com/repos/can1357/oh-my-pi/releases/assets/610156067"

[tools."github:can1357/oh-my-pi"."platforms.windows-x64"]
checksum = "sha256:df10906c558ca188aa044c1c2bf27775693cbcf0aea8f16597dcd6949e0d1a1a"
url = "https://github.com/can1357/oh-my-pi/releases/download/v18.6.1/omp-windows-x64.exe"
url_api = "https://api.github.com/repos/can1357/oh-my-pi/releases/assets/610156062"

[[tools."github:herdrdev/herdr"]]
version = "0.9.3"
backend = "github:herdrdev/herdr"
specifiers = ["latest"]

[tools."github:herdrdev/herdr".options]
matching = "herdr-"

[tools."github:herdrdev/herdr"."platforms.linux-arm64"]
checksum = "sha256:4de7aa3e25678812e92960de64f7c2aaa1bca1f0f80a3c5e559837e231e1f5c0"
url = "https://github.com/herdrdev/herdr/releases/download/v0.9.3/herdr-linux-aarch64"
url_api = "https://api.github.com/repos/herdrdev/herdr/releases/assets/599036386"
provenance = "github-attestations"

[tools."github:herdrdev/herdr"."platforms.linux-arm64-musl"]
checksum = "sha256:4de7aa3e25678812e92960de64f7c2aaa1bca1f0f80a3c5e559837e231e1f5c0"
url = "https://github.com/herdrdev/herdr/releases/download/v0.9.3/herdr-linux-aarch64"
url_api = "https://api.github.com/repos/herdrdev/herdr/releases/assets/599036386"
provenance = "github-attestations"

[tools."github:herdrdev/herdr"."platforms.linux-x64"]
checksum = "sha256:18a8dc65f1c2fa485884344356dea1cfd911c6f06cf46fa78e193f4087f4dba7"
url = "https://github.com/herdrdev/herdr/releases/download/v0.9.3/herdr-linux-x86_64"
url_api = "https://api.github.com/repos/herdrdev/herdr/releases/assets/599036383"
provenance = "github-attestations"

[tools."github:herdrdev/herdr"."platforms.linux-x64-musl"]
checksum = "sha256:18a8dc65f1c2fa485884344356dea1cfd911c6f06cf46fa78e193f4087f4dba7"
url = "https://github.com/herdrdev/herdr/releases/download/v0.9.3/herdr-linux-x86_64"
url_api = "https://api.github.com/repos/herdrdev/herdr/releases/assets/599036383"
provenance = "github-attestations"

[tools."github:herdrdev/herdr"."platforms.macos-arm64"]
checksum = "sha256:5173a3e0ae42d5d1ab7ebfa5d5e6329f7c3d23f8e1a3677c7ce3231da2884157"
url = "https://github.com/herdrdev/herdr/releases/download/v0.9.3/herdr-macos-aarch64"
url_api = "https://api.github.com/repos/herdrdev/herdr/releases/assets/599036381"
provenance = "github-attestations"

[tools."github:herdrdev/herdr"."platforms.macos-x64"]
checksum = "sha256:db62d548ff3e832b087a96b1894a08d26be3905f1830309cd556783f215d4054"
url = "https://github.com/herdrdev/herdr/releases/download/v0.9.3/herdr-macos-x86_64"
url_api = "https://api.github.com/repos/herdrdev/herdr/releases/assets/599036385"
provenance = "github-attestations"

[tools."github:herdrdev/herdr"."platforms.windows-x64"]
checksum = "sha256:c75b1fa49f7a3ba4b8b11789912a6147e4214a3b6fd3556d0f80076c8887d795"
url = "https://github.com/herdrdev/herdr/releases/download/v0.9.3/herdr-windows-x86_64.zip"
url_api = "https://api.github.com/repos/herdrdev/herdr/releases/assets/599036387"
provenance = "github-attestations"

[[tools."github:kunchenguid/no-mistakes"]]
version = "1.87.1"
backend = "github:kunchenguid/no-mistakes"
specifiers = ["latest"]

[tools."github:kunchenguid/no-mistakes".options]
matching = "no-mistakes"

[tools."github:kunchenguid/no-mistakes"."platforms.linux-arm64"]
checksum = "sha256:8f358475c7ab2c12afd600f9c48f0a5969e807662271977fc77b791d38ff2a4d"
url = "https://github.com/kunchenguid/no-mistakes/releases/download/v1.87.1/no-mistakes-v1.87.1-linux-arm64.tar.gz"
url_api = "https://api.github.com/repos/kunchenguid/no-mistakes/releases/assets/609892268"

[tools."github:kunchenguid/no-mistakes"."platforms.linux-arm64-musl"]
checksum = "sha256:8f358475c7ab2c12afd600f9c48f0a5969e807662271977fc77b791d38ff2a4d"
url = "https://github.com/kunchenguid/no-mistakes/releases/download/v1.87.1/no-mistakes-v1.87.1-linux-arm64.tar.gz"
url_api = "https://api.github.com/repos/kunchenguid/no-mistakes/releases/assets/609892268"

[tools."github:kunchenguid/no-mistakes"."platforms.linux-x64"]
checksum = "sha256:6ec01891085873a66f9642c9b990e8195f0c25c631b08a9486b494bec9e60972"
url = "https://github.com/kunchenguid/no-mistakes/releases/download/v1.87.1/no-mistakes-v1.87.1-linux-amd64.tar.gz"
url_api = "https://api.github.com/repos/kunchenguid/no-mistakes/releases/assets/609892121"

[tools."github:kunchenguid/no-mistakes"."platforms.linux-x64-musl"]
checksum = "sha256:6ec01891085873a66f9642c9b990e8195f0c25c631b08a9486b494bec9e60972"
url = "https://github.com/kunchenguid/no-mistakes/releases/download/v1.87.1/no-mistakes-v1.87.1-linux-amd64.tar.gz"
url_api = "https://api.github.com/repos/kunchenguid/no-mistakes/releases/assets/609892121"

[tools."github:kunchenguid/no-mistakes"."platforms.macos-arm64"]
checksum = "sha256:2f4f76a48ad63e8285c61fdc6209f22c70784b4681e6020869a772da3c2c0e9a"
url = "https://github.com/kunchenguid/no-mistakes/releases/download/v1.87.1/no-mistakes-v1.87.1-darwin-arm64.tar.gz"
url_api = "https://api.github.com/repos/kunchenguid/no-mistakes/releases/assets/609892499"

[tools."github:kunchenguid/no-mistakes"."platforms.macos-x64"]
checksum = "sha256:27f2abaf484d94f932188c7ed30f3b122bd739e5af753e1c71860d24acf81580"
url = "https://github.com/kunchenguid/no-mistakes/releases/download/v1.87.1/no-mistakes-v1.87.1-darwin-amd64.tar.gz"
url_api = "https://api.github.com/repos/kunchenguid/no-mistakes/releases/assets/609892855"

[tools."github:kunchenguid/no-mistakes"."platforms.windows-x64"]
checksum = "sha256:54dcbe580d479338802af9648aef1d18cdb252f592231aafbacd02096b803ea9"
url = "https://github.com/kunchenguid/no-mistakes/releases/download/v1.87.1/no-mistakes-v1.87.1-windows-amd64.zip"
url_api = "https://api.github.com/repos/kunchenguid/no-mistakes/releases/assets/609892300"

[[tools."github:kunchenguid/treehouse"]]
version = "3.1.2"
backend = "github:kunchenguid/treehouse"
specifiers = ["latest"]

[tools."github:kunchenguid/treehouse".options]
matching = "treehouse"

[tools."github:kunchenguid/treehouse"."platforms.linux-arm64"]
checksum = "sha256:999e6f4888cfd4e6c0b97d49a4857355208bcba080aa2c59902f7fa77b940c0a"
url = "https://github.com/kunchenguid/treehouse/releases/download/v3.1.2/treehouse-v3.1.2-linux-arm64.tar.gz"
url_api = "https://api.github.com/repos/kunchenguid/treehouse/releases/assets/607850175"

[tools."github:kunchenguid/treehouse"."platforms.linux-arm64-musl"]
checksum = "sha256:999e6f4888cfd4e6c0b97d49a4857355208bcba080aa2c59902f7fa77b940c0a"
url = "https://github.com/kunchenguid/treehouse/releases/download/v3.1.2/treehouse-v3.1.2-linux-arm64.tar.gz"
url_api = "https://api.github.com/repos/kunchenguid/treehouse/releases/assets/607850175"

[tools."github:kunchenguid/treehouse"."platforms.linux-x64"]
checksum = "sha256:bc059c6dbbcf6b11a741e92aed1d845d5b4a96f1d9c5e6f78c1aa2502669962d"
url = "https://github.com/kunchenguid/treehouse/releases/download/v3.1.2/treehouse-v3.1.2-linux-amd64.tar.gz"
url_api = "https://api.github.com/repos/kunchenguid/treehouse/releases/assets/607850054"

[tools."github:kunchenguid/treehouse"."platforms.linux-x64-musl"]
checksum = "sha256:bc059c6dbbcf6b11a741e92aed1d845d5b4a96f1d9c5e6f78c1aa2502669962d"
url = "https://github.com/kunchenguid/treehouse/releases/download/v3.1.2/treehouse-v3.1.2-linux-amd64.tar.gz"
url_api = "https://api.github.com/repos/kunchenguid/treehouse/releases/assets/607850054"

[tools."github:kunchenguid/treehouse"."platforms.macos-arm64"]
checksum = "sha256:24666ddec346b5fd1f0467f475c647d8e2ce45e80e8a84548eade97b353cbe4b"
url = "https://github.com/kunchenguid/treehouse/releases/download/v3.1.2/treehouse-v3.1.2-darwin-arm64.tar.gz"
url_api = "https://api.github.com/repos/kunchenguid/treehouse/releases/assets/607850250"

[tools."github:kunchenguid/treehouse"."platforms.macos-x64"]
checksum = "sha256:19a3a79c792139e36c1f5c3e9e0f9fdebe9127f1168b1debb40b4513ffed1319"
url = "https://github.com/kunchenguid/treehouse/releases/download/v3.1.2/treehouse-v3.1.2-darwin-amd64.tar.gz"
url_api = "https://api.github.com/repos/kunchenguid/treehouse/releases/assets/607850221"

[tools."github:kunchenguid/treehouse"."platforms.windows-x64"]
checksum = "sha256:da643aa5ddf2a5f4c594d4501db0263e21c5c968444025c7bdaea12eb45d9534"
url = "https://github.com/kunchenguid/treehouse/releases/download/v3.1.2/treehouse-v3.1.2-windows-amd64.zip"
url_api = "https://api.github.com/repos/kunchenguid/treehouse/releases/assets/607850266"

[[tools."github:nikolauska/glab-axi"]]
version = "0.1.0"
backend = "github:nikolauska/glab-axi"
specifiers = ["latest"]

[tools."github:nikolauska/glab-axi".options]
matching = "glab-axi"

[tools."github:nikolauska/glab-axi"."platforms.linux-arm64"]
checksum = "sha256:3202cd166889920c3757e11dbf243a74b042a132f8916b3cc0ad69878f0ca5c9"
url = "https://github.com/nikolauska/glab-axi/releases/download/v0.1.0/glab-axi-linux-arm64"
url_api = "https://api.github.com/repos/nikolauska/glab-axi/releases/assets/465187347"

[tools."github:nikolauska/glab-axi"."platforms.linux-arm64-musl"]
checksum = "sha256:3202cd166889920c3757e11dbf243a74b042a132f8916b3cc0ad69878f0ca5c9"
url = "https://github.com/nikolauska/glab-axi/releases/download/v0.1.0/glab-axi-linux-arm64"
url_api = "https://api.github.com/repos/nikolauska/glab-axi/releases/assets/465187347"

[tools."github:nikolauska/glab-axi"."platforms.linux-x64"]
checksum = "sha256:a2f75c8f5bc99fbde62f846d5395dfe5f4928bcb143b119129915b8d75e6dcdc"
url = "https://github.com/nikolauska/glab-axi/releases/download/v0.1.0/glab-axi-linux-amd64"
url_api = "https://api.github.com/repos/nikolauska/glab-axi/releases/assets/465187346"

[tools."github:nikolauska/glab-axi"."platforms.linux-x64-musl"]
checksum = "sha256:a2f75c8f5bc99fbde62f846d5395dfe5f4928bcb143b119129915b8d75e6dcdc"
url = "https://github.com/nikolauska/glab-axi/releases/download/v0.1.0/glab-axi-linux-amd64"
url_api = "https://api.github.com/repos/nikolauska/glab-axi/releases/assets/465187346"

[tools."github:nikolauska/glab-axi"."platforms.macos-arm64"]
checksum = "sha256:9211d68e54f9096675bc8ec82c98ce899683000485f566ca7e3c2eaf04d6fe25"
url = "https://github.com/nikolauska/glab-axi/releases/download/v0.1.0/glab-axi-darwin-arm64"
url_api = "https://api.github.com/repos/nikolauska/glab-axi/releases/assets/465187351"

[tools."github:nikolauska/glab-axi"."platforms.macos-x64"]
checksum = "sha256:286880174c25bbc00bfca52bc03f4fa2bdc164278654ed8c2de7308f094c846e"
url = "https://github.com/nikolauska/glab-axi/releases/download/v0.1.0/glab-axi-darwin-amd64"
url_api = "https://api.github.com/repos/nikolauska/glab-axi/releases/assets/465187349"

[tools."github:nikolauska/glab-axi"."platforms.windows-x64"]
checksum = "sha256:3a4e4f32f4438518053628c50f790d61f85f52a5bc51b3422ccede45cdf2898a"
url = "https://github.com/nikolauska/glab-axi/releases/download/v0.1.0/glab-axi-windows-amd64.exe"
url_api = "https://api.github.com/repos/nikolauska/glab-axi/releases/assets/465187350"

[[tools.glab]]
version = "1.120.0"
backend = "gitlab:gitlab-org/cli"
specifiers = ["latest"]

[tools.glab."platforms.linux-arm64"]
checksum = "sha256:c60ebb4cb36f276714847a118845b9b4e69f46a8080c68b21ca63f158722cdea"
url = "https://gitlab.com/gitlab-org/cli/-/releases/v1.120.0/downloads/glab_1.120.0_linux_arm64.tar.gz"
url_api = "https://gitlab.com/api/v4/projects/gitlab-org%2Fcli/packages/generic/glab/1%2E120%2E0/glab_1%2E120%2E0_linux_arm64%2Etar%2Egz"

[tools.glab."platforms.linux-arm64-musl"]
checksum = "sha256:c60ebb4cb36f276714847a118845b9b4e69f46a8080c68b21ca63f158722cdea"
url = "https://gitlab.com/gitlab-org/cli/-/releases/v1.120.0/downloads/glab_1.120.0_linux_arm64.tar.gz"
url_api = "https://gitlab.com/api/v4/projects/gitlab-org%2Fcli/packages/generic/glab/1%2E120%2E0/glab_1%2E120%2E0_linux_arm64%2Etar%2Egz"

[tools.glab."platforms.linux-x64"]
checksum = "sha256:4e6c59de9f7ed2f304bf93aad01ea8f8a69584f0450ce90ad696ef81f69c69aa"
url = "https://gitlab.com/gitlab-org/cli/-/releases/v1.120.0/downloads/glab_1.120.0_linux_amd64.tar.gz"
url_api = "https://gitlab.com/api/v4/projects/gitlab-org%2Fcli/packages/generic/glab/1%2E120%2E0/glab_1%2E120%2E0_linux_amd64%2Etar%2Egz"

[tools.glab."platforms.linux-x64-musl"]
checksum = "sha256:4e6c59de9f7ed2f304bf93aad01ea8f8a69584f0450ce90ad696ef81f69c69aa"
url = "https://gitlab.com/gitlab-org/cli/-/releases/v1.120.0/downloads/glab_1.120.0_linux_amd64.tar.gz"
url_api = "https://gitlab.com/api/v4/projects/gitlab-org%2Fcli/packages/generic/glab/1%2E120%2E0/glab_1%2E120%2E0_linux_amd64%2Etar%2Egz"

[tools.glab."platforms.macos-arm64"]
checksum = "sha256:8769650c49bb5d5ac52156d46e448e87f5570a868fe4e7bfcbd8cc66693c7afb"
url = "https://gitlab.com/gitlab-org/cli/-/releases/v1.120.0/downloads/glab_1.120.0_darwin_arm64.tar.gz"
url_api = "https://gitlab.com/api/v4/projects/gitlab-org%2Fcli/packages/generic/glab/1%2E120%2E0/glab_1%2E120%2E0_darwin_arm64%2Etar%2Egz"

[tools.glab."platforms.macos-x64"]
checksum = "sha256:62d66e9bc898612c3c017e1cfba9e2c4a4662fec8453b5aa46bb3ec02e94340f"
url = "https://gitlab.com/gitlab-org/cli/-/releases/v1.120.0/downloads/glab_1.120.0_darwin_amd64.tar.gz"
url_api = "https://gitlab.com/api/v4/projects/gitlab-org%2Fcli/packages/generic/glab/1%2E120%2E0/glab_1%2E120%2E0_darwin_amd64%2Etar%2Egz"

[tools.glab."platforms.windows-x64"]
checksum = "sha256:4240365e23ac7cb5ce09aa0f5892cd66b0da103963fe01954c8d64727039a3f6"
url = "https://gitlab.com/gitlab-org/cli/-/releases/v1.120.0/downloads/glab_1.120.0_windows_amd64.zip"
url_api = "https://gitlab.com/api/v4/projects/gitlab-org%2Fcli/packages/generic/glab/1%2E120%2E0/glab_1%2E120%2E0_windows_amd64%2Ezip"

[[tools."http:sonarqube-cli"]]
version = "1.9.0.15656"
backend = "http:sonarqube-cli"
specifiers = ["latest"]

[tools."http:sonarqube-cli"."platforms.linux-arm64"]
url = "https://binaries.sonarsource.com/Distribution/sonarqube-cli/1.9.0.15656/linux/sonarqube-cli-1.9.0.15656-linux-arm64.bin"

[tools."http:sonarqube-cli"."platforms.linux-arm64-musl"]
url = "https://binaries.sonarsource.com/Distribution/sonarqube-cli/1.9.0.15656/linux/sonarqube-cli-1.9.0.15656-linux-arm64.bin"

[tools."http:sonarqube-cli"."platforms.linux-x64"]
checksum = "blake3:6a91f34aa736b5d767672c8db12368aa7254811ee8be7c2bb90aec3010f6d720"
url = "https://binaries.sonarsource.com/Distribution/sonarqube-cli/1.9.0.15656/linux/sonarqube-cli-1.9.0.15656-linux-x86-64.bin"

[tools."http:sonarqube-cli"."platforms.linux-x64-musl"]
url = "https://binaries.sonarsource.com/Distribution/sonarqube-cli/1.9.0.15656/linux/sonarqube-cli-1.9.0.15656-linux-x86-64.bin"

[tools."http:sonarqube-cli"."platforms.macos-arm64"]
url = "https://binaries.sonarsource.com/Distribution/sonarqube-cli/1.9.0.15656/macos/sonarqube-cli-1.9.0.15656-macos-arm64.bin"

[tools."http:sonarqube-cli"."platforms.windows-x64"]
url = "https://binaries.sonarsource.com/Distribution/sonarqube-cli/1.9.0.15656/windows/sonarqube-cli-1.9.0.15656-windows-x86-64.exe"

[[tools.node]]
version = "24.21.0"
backend = "core:node"
specifiers = [
    "24",
    "lts",
]

[tools.node."platforms.linux-arm64"]
checksum = "sha256:724282c3b43aec998aa9527380465b45d229e021b58035f5f4f63095eabfe5d5"
url = "https://nodejs.org/dist/v24.21.0/node-v24.21.0-linux-arm64.tar.gz"

[tools.node."platforms.linux-arm64-musl"]
checksum = "sha256:3048b0811e158ca0d8672b59c839861763e144492980d8d29b369dfee45747e4"
url = "https://unofficial-builds.nodejs.org/download/release/v24.21.0/node-v24.21.0-linux-arm64-musl.tar.gz"

[tools.node."platforms.linux-x64"]
checksum = "sha256:6e1db87ef58b8819e5d5402eff1536491b18edd8eb7bee5ef7897876e88dc5ff"
url = "https://nodejs.org/dist/v24.21.0/node-v24.21.0-linux-x64.tar.gz"

[tools.node."platforms.linux-x64-musl"]
checksum = "sha256:01a713e34da98e7b4d2a3191ee7ca3f93dd0384d1a2ef23c379b2161ee6e133a"
url = "https://unofficial-builds.nodejs.org/download/release/v24.21.0/node-v24.21.0-linux-x64-musl.tar.gz"

[tools.node."platforms.macos-arm64"]
checksum = "sha256:bed7eea5325e1108f32ce5228ddd6a5f0f08a499ee42aa7442aea583702f6057"
url = "https://nodejs.org/dist/v24.21.0/node-v24.21.0-darwin-arm64.tar.gz"

[tools.node."platforms.macos-x64"]
checksum = "sha256:1462cb3b3046b815cf8ea436d3da450ec1a9f11dac7e5a46b0ada5305d7e8097"
url = "https://nodejs.org/dist/v24.21.0/node-v24.21.0-darwin-x64.tar.gz"

[tools.node."platforms.windows-x64"]
checksum = "sha256:158f7685b44de51f6c0df1d153526cbcd3e1bc739a8dfc607721cef75de9e541"
url = "https://nodejs.org/dist/v24.21.0/node-v24.21.0-win-x64.zip"

[[tools."npm:@jkeskikangas/skillcheck"]]
version = "0.2.4"
aube = { path = "locks/npm-jkeskikangas-skillcheck/0.2.4", digest = "sha256:9e5f49b76f9c741c714aef400d8b7f773f4df0b050cedeeef6f9420ad5573a91" }
backend = "npm:@jkeskikangas/skillcheck"
specifiers = ["latest"]

[[tools."npm:@nikolauska/cbm-axi"]]
version = "0.8.0"
aube = { path = "locks/npm-nikolauska-cbm-axi/0.8.0", digest = "sha256:2b54d78189022a2c70a957f25d044a259280f7d9bbbb860eb67d23266d37ebad" }
backend = "npm:@nikolauska/cbm-axi"
specifiers = ["latest"]

[tools."npm:@nikolauska/cbm-axi".options]
allow_low_downloads = "true"

[[tools."npm:@nikolauska/discourse-axi"]]
version = "0.1.0"
aube = { path = "locks/npm-nikolauska-discourse-axi/0.1.0~52f7af8d", digest = "sha256:cdff3568c9b0f01bdd09ccc599385b24a214369f2708c56bfa39bb1686e09488" }
backend = "npm:@nikolauska/discourse-axi"
specifiers = ["latest"]

[tools."npm:@nikolauska/discourse-axi".options]
allow_low_downloads = "true"

[[tools."npm:@nikolauska/linear-axi"]]
version = "0.5.0"
aube = { path = "locks/npm-nikolauska-linear-axi/0.5.0", digest = "sha256:70125434dd7b921600294bc3775305577d6850e67149b708db1d3f63ef860cd7" }
backend = "npm:@nikolauska/linear-axi"
specifiers = ["latest"]

[tools."npm:@nikolauska/linear-axi".options]
allow_low_downloads = "true"

[[tools."npm:@nikolauska/sentry-axi"]]
version = "0.4.0"
aube = { path = "locks/npm-nikolauska-sentry-axi/0.4.0", digest = "sha256:cb62f210c5f1a2c0bef871fe43d4b787198409dcfa8b3eff74875b60f4fb2a2b" }
backend = "npm:@nikolauska/sentry-axi"
specifiers = ["latest"]

[tools."npm:@nikolauska/sentry-axi".options]
allow_low_downloads = "true"

[[tools."npm:acpx"]]
version = "0.19.4"
backend = "npm:acpx"
specifiers = ["latest"]

[[tools."npm:chrome-devtools-axi"]]
version = "0.1.38"
backend = "npm:chrome-devtools-axi"
specifiers = ["latest"]

[[tools."npm:chrome-devtools-mcp"]]
version = "1.10.1"
aube = { path = "locks/npm-chrome-devtools-mcp/1.10.1", digest = "sha256:d0ad9551fb0928d247af33705d0cf1ea01382aa6691da825a4480ae9505dcf70" }
backend = "npm:chrome-devtools-mcp"
specifiers = ["latest"]

[[tools."npm:gh-axi"]]
version = "0.1.35"
aube = { path = "locks/npm-gh-axi/0.1.35", digest = "sha256:70242e26a2ef1f8085d17a9991d9fdaa99609a949e059f25e8dbd20482e7451a" }
backend = "npm:gh-axi"
specifiers = ["latest"]

[[tools."npm:lavish-axi"]]
version = "0.1.81"
backend = "npm:lavish-axi"
specifiers = ["latest"]

[[tools."npm:skills"]]
version = "1.7.0"
aube = { path = "locks/npm-skills/1.7.0", digest = "sha256:5e1165c56e5de749970266d1a30e7fc0c22a36480eab6c505c7d6748076654bc" }
backend = "npm:skills"
specifiers = ["latest"]
