lockfileVersion: '9.0'

settings:
  autoInstallPeers: true
  excludeLinksFromLockfile: false

importers:

  .:
    dependencies:
      gh-axi:
        specifier: 0.1.35
        version: 0.1.35

packages:

  '@toon-format/toon@2.3.1':
    resolution: {integrity: sha512-sWqEMeAJGMda9qRrfPKrX3C4c33CO9SJuvJzzrcBEn5sbDB+k6pSLkDsfN0rVnLQwR97MV3sDgVbcxQNsq8xVw==}

  axi-sdk-js@0.1.12:
    resolution: {integrity: sha512-qAt4T8tOWAFfehx26UbOyfnRcK2VJ36fI9rAKFgDwS0+PRuPB2wOSMDKlpaAKffy6LOzofjuxIoVGaU4dB0geA==}
    engines: {node: '>=20'}

  gh-axi@0.1.35:
    resolution: {integrity: sha512-xxe7ui0548FJ9KF0LTQZWdfm8UYuLRsfSidSEx3Ztu1Eqrn4GMg+oJW7UReG33Wt0+2Vppwl7P6Qcll0KpymTQ==}
    engines: {node: '>=20'}
    hasBin: true

snapshots:

  '@toon-format/toon@2.3.1': {}

  axi-sdk-js@0.1.12:
    dependencies:
      '@toon-format/toon': 2.3.1

  gh-axi@0.1.35:
    dependencies:
      '@toon-format/toon': 2.3.1
      axi-sdk-js: 0.1.12
